PODS:
  - SwiftFormat/CLI (0.51.12)
  - SwiftLint (0.52.3)

DEPENDENCIES:
  - SwiftFormat/CLI
  - SwiftLint

SPEC REPOS:
  trunk:
    - SwiftFormat
    - SwiftLint

SPEC CHECKSUMS:
  SwiftFormat: a5bbe21e2794b5a914f548ec651f28f2ab8be099
  SwiftLint: 76ec9c62ad369cff2937474cb34c9af3fa270b7b

PODFILE CHECKSUM: d9d2d2a19b4b6e186120772b3ee3a85e4470330d

COCOAPODS: 1.11.3
