PODS:
  - SwiftFormat/CLI (0.52.3)
  - SwiftLint (0.52.4)

DEPENDENCIES:
  - SwiftFormat/CLI
  - SwiftLint

SPEC REPOS:
  trunk:
    - SwiftFormat
    - SwiftLint

SPEC CHECKSUMS:
  SwiftFormat: 5de81c42f043741a16e17ae2da012bbddc7c0b58
  SwiftLint: 1cc5cd61ba9bacb2194e340aeb47a2a37fda00b3

PODFILE CHECKSUM: 743de8ecabcca96d137aa6ab291abec6d9028409

COCOAPODS: 1.12.1
