PODS:
  - SwiftFormat/CLI (0.51.6)
  - SwiftLint (0.51.0)

DEPENDENCIES:
  - SwiftFormat/CLI
  - SwiftLint

SPEC REPOS:
  trunk:
    - SwiftFormat
    - SwiftLint

SPEC CHECKSUMS:
  SwiftFormat: b2062ab08a5c83c075e32355175c58b99e52187f
  SwiftLint: 1b7561918a19e23bfed960e40759086e70f4dba5

PODFILE CHECKSUM: fa0a7c5e209c898be0d1b47b4c3645f832ed4d8f

COCOAPODS: 1.11.3
