// !$*UTF8*$!
{
	archiveVersion = 1;
	classes = {
	};
	objectVersion = 70;
	objects = {

/* Begin PBXBuildFile section */
		83E74B2B292E315600FA1F46 /* ios_archiApp.swift in Sources */ = {isa = PBXBuildFile; fileRef = 83E74B2A292E315600FA1F46 /* ios_archiApp.swift */; };
		83E74B32292E315D00FA1F46 /* Preview Assets.xcassets in Resources */ = {isa = PBXBuildFile; fileRef = 83E74B31292E315D00FA1F46 /* Preview Assets.xcassets */; };
		977078F62BE2304100A4B040 /* AnalyticsImpl in Frameworks */ = {isa = PBXBuildFile; productRef = 977078F52BE2304100A4B040 /* AnalyticsImpl */; };
		97B0E22E2A4F6551003581A1 /* AppFeature in Frameworks */ = {isa = PBXBuildFile; productRef = 97B0E22D2A4F6551003581A1 /* AppFeature */; };
		CDA261FC2AF051DD0089E4F1 /* Localizable.xcstrings in Resources */ = {isa = PBXBuildFile; fileRef = CDA261FB2AF051DD0089E4F1 /* Localizable.xcstrings */; };
		CDCC38582A59E5B100679A35 /* Assets.xcassets in Resources */ = {isa = PBXBuildFile; fileRef = CDCC38572A59E5B100679A35 /* Assets.xcassets */; };
/* End PBXBuildFile section */

/* Begin PBXContainerItemProxy section */
		CD05E07C2EC79BEE002E41EF /* PBXContainerItemProxy */ = {
			isa = PBXContainerItemProxy;
			containerPortal = 83E74B1F292E315600FA1F46 /* Project object */;
			proxyType = 1;
			remoteGlobalIDString = 83E74B26292E315600FA1F46;
			remoteInfo = "ios-archi";
		};
		CD05E0992EC7A7A6002E41EF /* PBXContainerItemProxy */ = {
			isa = PBXContainerItemProxy;
			containerPortal = 83E74B1F292E315600FA1F46 /* Project object */;
			proxyType = 1;
			remoteGlobalIDString = 83E74B26292E315600FA1F46;
			remoteInfo = "ios-archi";
		};
/* End PBXContainerItemProxy section */

/* Begin PBXFileReference section */
		83E74B27292E315600FA1F46 /* ios-archi.app */ = {isa = PBXFileReference; explicitFileType = wrapper.application; includeInIndex = 0; path = "ios-archi.app"; sourceTree = BUILT_PRODUCTS_DIR; };
		83E74B2A292E315600FA1F46 /* ios_archiApp.swift */ = {isa = PBXFileReference; lastKnownFileType = sourcecode.swift; path = ios_archiApp.swift; sourceTree = "<group>"; };
		83E74B31292E315D00FA1F46 /* Preview Assets.xcassets */ = {isa = PBXFileReference; lastKnownFileType = folder.assetcatalog; path = "Preview Assets.xcassets"; sourceTree = "<group>"; };
		CD05E0762EC79BEE002E41EF /* ios-archiUITests.xctest */ = {isa = PBXFileReference; explicitFileType = wrapper.cfbundle; includeInIndex = 0; path = "ios-archiUITests.xctest"; sourceTree = BUILT_PRODUCTS_DIR; };
		CD05E0952EC7A7A6002E41EF /* ios-archiTests.xctest */ = {isa = PBXFileReference; explicitFileType = wrapper.cfbundle; includeInIndex = 0; path = "ios-archiTests.xctest"; sourceTree = BUILT_PRODUCTS_DIR; };
		CD430D0F2A55D0AC00AB8EFA /* Debug.xcconfig */ = {isa = PBXFileReference; fileEncoding = 4; lastKnownFileType = text.xcconfig; path = Debug.xcconfig; sourceTree = "<group>"; };
		CD430D102A55D0AC00AB8EFA /* Release.xcconfig */ = {isa = PBXFileReference; fileEncoding = 4; lastKnownFileType = text.xcconfig; path = Release.xcconfig; sourceTree = "<group>"; };
		CD430D122A55D0AC00AB8EFA /* Base.xcconfig */ = {isa = PBXFileReference; fileEncoding = 4; lastKnownFileType = text.xcconfig; path = Base.xcconfig; sourceTree = "<group>"; };
		CD47DCAC2AE98DFA00026887 /* Configs */ = {isa = PBXFileReference; lastKnownFileType = folder; path = Configs; sourceTree = "<group>"; };
		CD6878DF2AE0557D00C4B14F /* Debug.entitlements */ = {isa = PBXFileReference; lastKnownFileType = text.plist.entitlements; path = Debug.entitlements; sourceTree = "<group>"; };
		CD73EEE92A59B6930028B068 /* ios-archi.xctestplan */ = {isa = PBXFileReference; lastKnownFileType = text; path = "ios-archi.xctestplan"; sourceTree = "<group>"; };
		CDA261FB2AF051DD0089E4F1 /* Localizable.xcstrings */ = {isa = PBXFileReference; lastKnownFileType = text.json.xcstrings; path = Localizable.xcstrings; sourceTree = "<group>"; };
		CDC4704F2AE51DC60030F3B1 /* Release.entitlements */ = {isa = PBXFileReference; lastKnownFileType = text.plist.entitlements; path = Release.entitlements; sourceTree = "<group>"; };
		CDCC38572A59E5B100679A35 /* Assets.xcassets */ = {isa = PBXFileReference; lastKnownFileType = folder.assetcatalog; path = Assets.xcassets; sourceTree = "<group>"; };
		CDE7E6232A59CA3F00EFDC11 /* Info.plist */ = {isa = PBXFileReference; lastKnownFileType = text.plist; path = Info.plist; sourceTree = "<group>"; };
/* End PBXFileReference section */

/* Begin PBXFileSystemSynchronizedRootGroup section */
		CD05E0772EC79BEE002E41EF /* ios-archiUITests */ = {isa = PBXFileSystemSynchronizedRootGroup; explicitFileTypes = {}; explicitFolders = (); path = "ios-archiUITests"; sourceTree = "<group>"; };
		CD05E0962EC7A7A6002E41EF /* ios-archiTests */ = {isa = PBXFileSystemSynchronizedRootGroup; explicitFileTypes = {}; explicitFolders = (); path = "ios-archiTests"; sourceTree = "<group>"; };
/* End PBXFileSystemSynchronizedRootGroup section */

/* Begin PBXFrameworksBuildPhase section */
		83E74B24292E315600FA1F46 /* Frameworks */ = {
			isa = PBXFrameworksBuildPhase;
			buildActionMask = 2147483647;
			files = (
				97B0E22E2A4F6551003581A1 /* AppFeature in Frameworks */,
				977078F62BE2304100A4B040 /* AnalyticsImpl in Frameworks */,
			);
			runOnlyForDeploymentPostprocessing = 0;
		};
		CD05E0732EC79BEE002E41EF /* Frameworks */ = {
			isa = PBXFrameworksBuildPhase;
			buildActionMask = 2147483647;
			files = (
			);
			runOnlyForDeploymentPostprocessing = 0;
		};
		CD05E0922EC7A7A6002E41EF /* Frameworks */ = {
			isa = PBXFrameworksBuildPhase;
			buildActionMask = 2147483647;
			files = (
			);
			runOnlyForDeploymentPostprocessing = 0;
		};
/* End PBXFrameworksBuildPhase section */

/* Begin PBXGroup section */
		83E74B1E292E315600FA1F46 = {
			isa = PBXGroup;
			children = (
				CD73EEE92A59B6930028B068 /* ios-archi.xctestplan */,
				83E74B29292E315600FA1F46 /* ios-archi */,
				CD05E0962EC7A7A6002E41EF /* ios-archiTests */,
				CD05E0772EC79BEE002E41EF /* ios-archiUITests */,
				83E74B28292E315600FA1F46 /* Products */,
				DF99ECBECFE82D436A431575 /* Frameworks */,
			);
			sourceTree = "<group>";
		};
		83E74B28292E315600FA1F46 /* Products */ = {
			isa = PBXGroup;
			children = (
				83E74B27292E315600FA1F46 /* ios-archi.app */,
				CD05E0762EC79BEE002E41EF /* ios-archiUITests.xctest */,
				CD05E0952EC7A7A6002E41EF /* ios-archiTests.xctest */,
			);
			name = Products;
			sourceTree = "<group>";
		};
		83E74B29292E315600FA1F46 /* ios-archi */ = {
			isa = PBXGroup;
			children = (
				CD6878DF2AE0557D00C4B14F /* Debug.entitlements */,
				CDC4704F2AE51DC60030F3B1 /* Release.entitlements */,
				CDE7E6232A59CA3F00EFDC11 /* Info.plist */,
				83E74B2A292E315600FA1F46 /* ios_archiApp.swift */,
				CD47DCAC2AE98DFA00026887 /* Configs */,
				CD430D0E2A55D0AC00AB8EFA /* XCConfigs */,
				CDA261FD2AF055CC0089E4F1 /* Resources */,
			);
			path = "ios-archi";
			sourceTree = "<group>";
		};
		83E74B30292E315D00FA1F46 /* Preview Content */ = {
			isa = PBXGroup;
			children = (
				83E74B31292E315D00FA1F46 /* Preview Assets.xcassets */,
			);
			path = "Preview Content";
			sourceTree = "<group>";
		};
		CD430D0E2A55D0AC00AB8EFA /* XCConfigs */ = {
			isa = PBXGroup;
			children = (
				CD430D0F2A55D0AC00AB8EFA /* Debug.xcconfig */,
				CD430D102A55D0AC00AB8EFA /* Release.xcconfig */,
				CD430D122A55D0AC00AB8EFA /* Base.xcconfig */,
			);
			path = XCConfigs;
			sourceTree = "<group>";
		};
		CDA261FD2AF055CC0089E4F1 /* Resources */ = {
			isa = PBXGroup;
			children = (
				CDCC38572A59E5B100679A35 /* Assets.xcassets */,
				CDA261FB2AF051DD0089E4F1 /* Localizable.xcstrings */,
				83E74B30292E315D00FA1F46 /* Preview Content */,
			);
			path = Resources;
			sourceTree = "<group>";
		};
		DF99ECBECFE82D436A431575 /* Frameworks */ = {
			isa = PBXGroup;
			children = (
			);
			name = Frameworks;
			sourceTree = "<group>";
		};
/* End PBXGroup section */

/* Begin PBXNativeTarget section */
		83E74B26292E315600FA1F46 /* ios-archi */ = {
			isa = PBXNativeTarget;
			buildConfigurationList = 83E74B4B292E315D00FA1F46 /* Build configuration list for PBXNativeTarget "ios-archi" */;
			buildPhases = (
				83E74B23292E315600FA1F46 /* Sources */,
				83E74B24292E315600FA1F46 /* Frameworks */,
				83E74B25292E315600FA1F46 /* Resources */,
				CD32A3EA2AE982A30057F3A9 /* Copy GoogleService-Info.plist */,
				CD47DCAD2AE98E6000026887 /* Crashlytics */,
				97B0E22F2A4F6BBE003581A1 /* create env.txt */,
			);
			buildRules = (
			);
			dependencies = (
			);
			name = "ios-archi";
			packageProductDependencies = (
				97B0E22D2A4F6551003581A1 /* AppFeature */,
				977078F52BE2304100A4B040 /* AnalyticsImpl */,
			);
			productName = "ios-archi";
			productReference = 83E74B27292E315600FA1F46 /* ios-archi.app */;
			productType = "com.apple.product-type.application";
		};
		CD05E0752EC79BEE002E41EF /* ios-archiUITests */ = {
			isa = PBXNativeTarget;
			buildConfigurationList = CD05E0802EC79BEE002E41EF /* Build configuration list for PBXNativeTarget "ios-archiUITests" */;
			buildPhases = (
				CD05E0722EC79BEE002E41EF /* Sources */,
				CD05E0732EC79BEE002E41EF /* Frameworks */,
				CD05E0742EC79BEE002E41EF /* Resources */,
			);
			buildRules = (
			);
			dependencies = (
				CD05E07D2EC79BEE002E41EF /* PBXTargetDependency */,
			);
			fileSystemSynchronizedGroups = (
				CD05E0772EC79BEE002E41EF /* ios-archiUITests */,
			);
			name = "ios-archiUITests";
			packageProductDependencies = (
			);
			productName = "ios-archiUITests";
			productReference = CD05E0762EC79BEE002E41EF /* ios-archiUITests.xctest */;
			productType = "com.apple.product-type.bundle.ui-testing";
		};
		CD05E0942EC7A7A6002E41EF /* ios-archiTests */ = {
			isa = PBXNativeTarget;
			buildConfigurationList = CD05E09B2EC7A7A6002E41EF /* Build configuration list for PBXNativeTarget "ios-archiTests" */;
			buildPhases = (
				CD05E0912EC7A7A6002E41EF /* Sources */,
				CD05E0922EC7A7A6002E41EF /* Frameworks */,
				CD05E0932EC7A7A6002E41EF /* Resources */,
			);
			buildRules = (
			);
			dependencies = (
				CD05E09A2EC7A7A6002E41EF /* PBXTargetDependency */,
			);
			fileSystemSynchronizedGroups = (
				CD05E0962EC7A7A6002E41EF /* ios-archiTests */,
			);
			name = "ios-archiTests";
			packageProductDependencies = (
			);
			productName = "ios-archiTests";
			productReference = CD05E0952EC7A7A6002E41EF /* ios-archiTests.xctest */;
			productType = "com.apple.product-type.bundle.unit-test";
		};
/* End PBXNativeTarget section */

/* Begin PBXProject section */
		83E74B1F292E315600FA1F46 /* Project object */ = {
			isa = PBXProject;
			attributes = {
				BuildIndependentTargetsInParallel = 1;
				LastSwiftUpdateCheck = 2610;
				LastUpgradeCheck = 1500;
				TargetAttributes = {
					83E74B26292E315600FA1F46 = {
						CreatedOnToolsVersion = 13.4.1;
					};
					CD05E0752EC79BEE002E41EF = {
						CreatedOnToolsVersion = 26.1.1;
						TestTargetID = 83E74B26292E315600FA1F46;
					};
					CD05E0942EC7A7A6002E41EF = {
						CreatedOnToolsVersion = 26.1.1;
						TestTargetID = 83E74B26292E315600FA1F46;
					};
				};
			};
			buildConfigurationList = 83E74B22292E315600FA1F46 /* Build configuration list for PBXProject "ios-archi" */;
			compatibilityVersion = "Xcode 15.0";
			developmentRegion = ja;
			hasScannedForEncodings = 0;
			knownRegions = (
				en,
				Base,
				ja,
			);
			mainGroup = 83E74B1E292E315600FA1F46;
			productRefGroup = 83E74B28292E315600FA1F46 /* Products */;
			projectDirPath = "";
			projectRoot = "";
			targets = (
				83E74B26292E315600FA1F46 /* ios-archi */,
				CD05E0942EC7A7A6002E41EF /* ios-archiTests */,
				CD05E0752EC79BEE002E41EF /* ios-archiUITests */,
			);
		};
/* End PBXProject section */

/* Begin PBXResourcesBuildPhase section */
		83E74B25292E315600FA1F46 /* Resources */ = {
			isa = PBXResourcesBuildPhase;
			buildActionMask = 2147483647;
			files = (
				83E74B32292E315D00FA1F46 /* Preview Assets.xcassets in Resources */,
				CDA261FC2AF051DD0089E4F1 /* Localizable.xcstrings in Resources */,
				CDCC38582A59E5B100679A35 /* Assets.xcassets in Resources */,
			);
			runOnlyForDeploymentPostprocessing = 0;
		};
		CD05E0742EC79BEE002E41EF /* Resources */ = {
			isa = PBXResourcesBuildPhase;
			buildActionMask = 2147483647;
			files = (
			);
			runOnlyForDeploymentPostprocessing = 0;
		};
		CD05E0932EC7A7A6002E41EF /* Resources */ = {
			isa = PBXResourcesBuildPhase;
			buildActionMask = 2147483647;
			files = (
			);
			runOnlyForDeploymentPostprocessing = 0;
		};
/* End PBXResourcesBuildPhase section */

/* Begin PBXShellScriptBuildPhase section */
		97B0E22F2A4F6BBE003581A1 /* create env.txt */ = {
			isa = PBXShellScriptBuildPhase;
			alwaysOutOfDate = 1;
			buildActionMask = 2147483647;
			files = (
			);
			inputFileListPaths = (
			);
			inputPaths = (
			);
			name = "create env.txt";
			outputFileListPaths = (
			);
			outputPaths = (
			);
			runOnlyForDeploymentPostprocessing = 0;
			shellPath = /bin/sh;
			shellScript = "#env > env.txt\n";
		};
		CD32A3EA2AE982A30057F3A9 /* Copy GoogleService-Info.plist */ = {
			isa = PBXShellScriptBuildPhase;
			buildActionMask = 2147483647;
			files = (
			);
			inputFileListPaths = (
			);
			inputPaths = (
				"${PROJECT_DIR}/${PROJECT_NAME}/Configs/GoogleService-Info-${CONFIGURATION}.plist",
			);
			name = "Copy GoogleService-Info.plist";
			outputFileListPaths = (
			);
			outputPaths = (
				"${BUILT_PRODUCTS_DIR}/${PRODUCT_NAME}.app/GoogleService-Info.plist",
			);
			runOnlyForDeploymentPostprocessing = 0;
			shellPath = /bin/sh;
			shellScript = "if [ \\\"$ENABLE_PREVIEWS\\\" == \\\"YES\\\" ]; then\n  echo 'warning: skip run script'\n  exit 0\nfi\nGOOGLE_SERVICE_INFO_FILE=\"${PROJECT_DIR}/${PROJECT_NAME}/Configs/GoogleService-Info-${CONFIGURATION}.plist\"\nif [[ -f $GOOGLE_SERVICE_INFO_FILE ]]; then\n    cp $GOOGLE_SERVICE_INFO_FILE \"${BUILT_PRODUCTS_DIR}/${PRODUCT_NAME}.app/GoogleService-Info.plist\"\nfi\n";
		};
		CD47DCAD2AE98E6000026887 /* Crashlytics */ = {
			isa = PBXShellScriptBuildPhase;
			alwaysOutOfDate = 1;
			buildActionMask = 2147483647;
			files = (
			);
			inputFileListPaths = (
			);
			inputPaths = (
				"${DWARF_DSYM_FOLDER_PATH}/${DWARF_DSYM_FILE_NAME}/Contents/Resources/DWARF/${TARGET_NAME}",
				"$(SRCROOT)/$(BUILT_PRODUCTS_DIR)/$(INFOPLIST_PATH)",
			);
			name = Crashlytics;
			outputFileListPaths = (
			);
			outputPaths = (
			);
			runOnlyForDeploymentPostprocessing = 0;
			shellPath = /bin/sh;
			shellScript = "if [ \\\"$ENABLE_PREVIEWS\\\" == \\\"YES\\\" ]; then\n  echo 'warning: skip run script'\n  exit 0\nfi\nGOOGLE_SERVICE_INFO_FILE=\"${PROJECT_DIR}/${PROJECT_NAME}/Configs/GoogleService-Info-${CONFIGURATION}.plist\"\nif [[ -f $GOOGLE_SERVICE_INFO_FILE ]]; then\n    \"${BUILD_DIR%/Build/*}/SourcePackages/checkouts/firebase-ios-sdk/Crashlytics/run\"\nfi\n";
		};
/* End PBXShellScriptBuildPhase section */

/* Begin PBXSourcesBuildPhase section */
		83E74B23292E315600FA1F46 /* Sources */ = {
			isa = PBXSourcesBuildPhase;
			buildActionMask = 2147483647;
			files = (
				83E74B2B292E315600FA1F46 /* ios_archiApp.swift in Sources */,
			);
			runOnlyForDeploymentPostprocessing = 0;
		};
		CD05E0722EC79BEE002E41EF /* Sources */ = {
			isa = PBXSourcesBuildPhase;
			buildActionMask = 2147483647;
			files = (
			);
			runOnlyForDeploymentPostprocessing = 0;
		};
		CD05E0912EC7A7A6002E41EF /* Sources */ = {
			isa = PBXSourcesBuildPhase;
			buildActionMask = 2147483647;
			files = (
			);
			runOnlyForDeploymentPostprocessing = 0;
		};
/* End PBXSourcesBuildPhase section */

/* Begin PBXTargetDependency section */
		CD05E07D2EC79BEE002E41EF /* PBXTargetDependency */ = {
			isa = PBXTargetDependency;
			target = 83E74B26292E315600FA1F46 /* ios-archi */;
			targetProxy = CD05E07C2EC79BEE002E41EF /* PBXContainerItemProxy */;
		};
		CD05E09A2EC7A7A6002E41EF /* PBXTargetDependency */ = {
			isa = PBXTargetDependency;
			target = 83E74B26292E315600FA1F46 /* ios-archi */;
			targetProxy = CD05E0992EC7A7A6002E41EF /* PBXContainerItemProxy */;
		};
/* End PBXTargetDependency section */

/* Begin XCBuildConfiguration section */
		83E74B49292E315D00FA1F46 /* Debug */ = {
			isa = XCBuildConfiguration;
			baseConfigurationReference = CD430D122A55D0AC00AB8EFA /* Base.xcconfig */;
			buildSettings = {
				ALWAYS_SEARCH_USER_PATHS = NO;
				ASSETCATALOG_COMPILER_GENERATE_SWIFT_ASSET_SYMBOL_EXTENSIONS = YES;
				CLANG_ANALYZER_LOCALIZABILITY_NONLOCALIZED = YES;
				CLANG_ANALYZER_NONNULL = YES;
				CLANG_ANALYZER_NUMBER_OBJECT_CONVERSION = YES_AGGRESSIVE;
				CLANG_CXX_LANGUAGE_STANDARD = "gnu++17";
				CLANG_ENABLE_MODULES = YES;
				CLANG_ENABLE_OBJC_ARC = YES;
				CLANG_ENABLE_OBJC_WEAK = YES;
				CLANG_WARN_BLOCK_CAPTURE_AUTORELEASING = YES;
				CLANG_WARN_BOOL_CONVERSION = YES;
				CLANG_WARN_COMMA = YES;
				CLANG_WARN_CONSTANT_CONVERSION = YES;
				CLANG_WARN_DEPRECATED_OBJC_IMPLEMENTATIONS = YES;
				CLANG_WARN_DIRECT_OBJC_ISA_USAGE = YES_ERROR;
				CLANG_WARN_DOCUMENTATION_COMMENTS = YES;
				CLANG_WARN_EMPTY_BODY = YES;
				CLANG_WARN_ENUM_CONVERSION = YES;
				CLANG_WARN_INFINITE_RECURSION = YES;
				CLANG_WARN_INT_CONVERSION = YES;
				CLANG_WARN_NON_LITERAL_NULL_CONVERSION = YES;
				CLANG_WARN_OBJC_IMPLICIT_RETAIN_SELF = YES;
				CLANG_WARN_OBJC_LITERAL_CONVERSION = YES;
				CLANG_WARN_OBJC_ROOT_CLASS = YES_ERROR;
				CLANG_WARN_QUOTED_INCLUDE_IN_FRAMEWORK_HEADER = YES;
				CLANG_WARN_RANGE_LOOP_ANALYSIS = YES;
				CLANG_WARN_STRICT_PROTOTYPES = YES;
				CLANG_WARN_SUSPICIOUS_MOVE = YES;
				CLANG_WARN_UNGUARDED_AVAILABILITY = YES_AGGRESSIVE;
				CLANG_WARN_UNREACHABLE_CODE = YES;
				CLANG_WARN__DUPLICATE_METHOD_MATCH = YES;
				COPY_PHASE_STRIP = NO;
				DEBUG_INFORMATION_FORMAT = dwarf;
				DEVELOPMENT_TEAM = "$(DEVELOPMENT_TEAM)";
				ENABLE_STRICT_OBJC_MSGSEND = YES;
				ENABLE_TESTABILITY = YES;
				GCC_C_LANGUAGE_STANDARD = gnu11;
				GCC_DYNAMIC_NO_PIC = NO;
				GCC_NO_COMMON_BLOCKS = YES;
				GCC_OPTIMIZATION_LEVEL = 0;
				GCC_PREPROCESSOR_DEFINITIONS = (
					"DEBUG=1",
					"$(inherited)",
				);
				GCC_WARN_64_TO_32_BIT_CONVERSION = YES;
				GCC_WARN_ABOUT_RETURN_TYPE = YES_ERROR;
				GCC_WARN_UNDECLARED_SELECTOR = YES;
				GCC_WARN_UNINITIALIZED_AUTOS = YES_AGGRESSIVE;
				GCC_WARN_UNUSED_FUNCTION = YES;
				GCC_WARN_UNUSED_VARIABLE = YES;
				INFOPLIST_KEY_LSSupportsOpeningDocumentsInPlace = YES;
				IPHONEOS_DEPLOYMENT_TARGET = 17.0;
				MTL_ENABLE_DEBUG_INFO = INCLUDE_SOURCE;
				MTL_FAST_MATH = YES;
				ONLY_ACTIVE_ARCH = YES;
				OTHER_SWIFT_FLAGS = "";
				SDKROOT = iphoneos;
				SWIFT_ACTIVE_COMPILATION_CONDITIONS = DEBUG;
				SWIFT_OPTIMIZATION_LEVEL = "-Onone";
				SWIFT_STRICT_CONCURRENCY = complete;
			};
			name = Debug;
		};
		83E74B4A292E315D00FA1F46 /* Release */ = {
			isa = XCBuildConfiguration;
			baseConfigurationReference = CD430D122A55D0AC00AB8EFA /* Base.xcconfig */;
			buildSettings = {
				ALWAYS_SEARCH_USER_PATHS = NO;
				ASSETCATALOG_COMPILER_GENERATE_SWIFT_ASSET_SYMBOL_EXTENSIONS = YES;
				CLANG_ANALYZER_LOCALIZABILITY_NONLOCALIZED = YES;
				CLANG_ANALYZER_NONNULL = YES;
				CLANG_ANALYZER_NUMBER_OBJECT_CONVERSION = YES_AGGRESSIVE;
				CLANG_CXX_LANGUAGE_STANDARD = "gnu++17";
				CLANG_ENABLE_MODULES = YES;
				CLANG_ENABLE_OBJC_ARC = YES;
				CLANG_ENABLE_OBJC_WEAK = YES;
				CLANG_WARN_BLOCK_CAPTURE_AUTORELEASING = YES;
				CLANG_WARN_BOOL_CONVERSION = YES;
				CLANG_WARN_COMMA = YES;
				CLANG_WARN_CONSTANT_CONVERSION = YES;
				CLANG_WARN_DEPRECATED_OBJC_IMPLEMENTATIONS = YES;
				CLANG_WARN_DIRECT_OBJC_ISA_USAGE = YES_ERROR;
				CLANG_WARN_DOCUMENTATION_COMMENTS = YES;
				CLANG_WARN_EMPTY_BODY = YES;
				CLANG_WARN_ENUM_CONVERSION = YES;
				CLANG_WARN_INFINITE_RECURSION = YES;
				CLANG_WARN_INT_CONVERSION = YES;
				CLANG_WARN_NON_LITERAL_NULL_CONVERSION = YES;
				CLANG_WARN_OBJC_IMPLICIT_RETAIN_SELF = YES;
				CLANG_WARN_OBJC_LITERAL_CONVERSION = YES;
				CLANG_WARN_OBJC_ROOT_CLASS = YES_ERROR;
				CLANG_WARN_QUOTED_INCLUDE_IN_FRAMEWORK_HEADER = YES;
				CLANG_WARN_RANGE_LOOP_ANALYSIS = YES;
				CLANG_WARN_STRICT_PROTOTYPES = YES;
				CLANG_WARN_SUSPICIOUS_MOVE = YES;
				CLANG_WARN_UNGUARDED_AVAILABILITY = YES_AGGRESSIVE;
				CLANG_WARN_UNREACHABLE_CODE = YES;
				CLANG_WARN__DUPLICATE_METHOD_MATCH = YES;
				COPY_PHASE_STRIP = NO;
				DEBUG_INFORMATION_FORMAT = "dwarf-with-dsym";
				DEVELOPMENT_TEAM = "$(DEVELOPMENT_TEAM)";
				ENABLE_NS_ASSERTIONS = NO;
				ENABLE_STRICT_OBJC_MSGSEND = YES;
				GCC_C_LANGUAGE_STANDARD = gnu11;
				GCC_NO_COMMON_BLOCKS = YES;
				GCC_WARN_64_TO_32_BIT_CONVERSION = YES;
				GCC_WARN_ABOUT_RETURN_TYPE = YES_ERROR;
				GCC_WARN_UNDECLARED_SELECTOR = YES;
				GCC_WARN_UNINITIALIZED_AUTOS = YES_AGGRESSIVE;
				GCC_WARN_UNUSED_FUNCTION = YES;
				GCC_WARN_UNUSED_VARIABLE = YES;
				INFOPLIST_KEY_LSSupportsOpeningDocumentsInPlace = YES;
				IPHONEOS_DEPLOYMENT_TARGET = 17.0;
				MTL_ENABLE_DEBUG_INFO = NO;
				MTL_FAST_MATH = YES;
				OTHER_SWIFT_FLAGS = "";
				SDKROOT = iphoneos;
				SWIFT_COMPILATION_MODE = wholemodule;
				SWIFT_OPTIMIZATION_LEVEL = "-O";
				SWIFT_STRICT_CONCURRENCY = complete;
				VALIDATE_PRODUCT = YES;
			};
			name = Release;
		};
		83E74B4C292E315D00FA1F46 /* Debug */ = {
			isa = XCBuildConfiguration;
			baseConfigurationReference = CD430D0F2A55D0AC00AB8EFA /* Debug.xcconfig */;
			buildSettings = {
				ASSETCATALOG_COMPILER_APPICON_NAME = AppIcon;
				ASSETCATALOG_COMPILER_GLOBAL_ACCENT_COLOR_NAME = AccentColor;
				CODE_SIGN_ENTITLEMENTS = "ios-archi/Debug.entitlements";
				CURRENT_PROJECT_VERSION = 1;
				DEBUG_INFORMATION_FORMAT = "dwarf-with-dsym";
				DEVELOPMENT_ASSET_PATHS = "\"ios-archi/Resources/Preview Content\"";
				ENABLE_PREVIEWS = YES;
				GENERATE_INFOPLIST_FILE = YES;
				INFOPLIST_FILE = "ios-archi/Info.plist";
				INFOPLIST_KEY_CFBundleDisplayName = "${PRODUCT_NAME}/d";
				INFOPLIST_KEY_LSSupportsOpeningDocumentsInPlace = YES;
				INFOPLIST_KEY_NSCameraUsageDescription = "写真を撮るには許可が必要です。";
				INFOPLIST_KEY_UIApplicationSceneManifest_Generation = YES;
				INFOPLIST_KEY_UIApplicationSupportsIndirectInputEvents = YES;
				INFOPLIST_KEY_UILaunchScreen_Generation = YES;
				INFOPLIST_KEY_UISupportedInterfaceOrientations_iPad = "UIInterfaceOrientationPortrait UIInterfaceOrientationPortraitUpsideDown";
				INFOPLIST_KEY_UISupportedInterfaceOrientations_iPhone = "UIInterfaceOrientationPortrait";
				LD_RUNPATH_SEARCH_PATHS = (
					"$(inherited)",
					"@executable_path/Frameworks",
				);
				MARKETING_VERSION = 0.1.0;
				OTHER_LDFLAGS = "-ObjC";
				PRODUCT_NAME = "$(TARGET_NAME)";
				SUPPORTED_PLATFORMS = "iphoneos iphonesimulator";
				SUPPORTS_MACCATALYST = NO;
				SWIFT_EMIT_LOC_STRINGS = YES;
				SWIFT_VERSION = 5.0;
				TARGETED_DEVICE_FAMILY = "1,2";
			};
			name = Debug;
		};
		83E74B4D292E315D00FA1F46 /* Release */ = {
			isa = XCBuildConfiguration;
			baseConfigurationReference = CD430D102A55D0AC00AB8EFA /* Release.xcconfig */;
			buildSettings = {
				ASSETCATALOG_COMPILER_APPICON_NAME = AppIcon;
				ASSETCATALOG_COMPILER_GLOBAL_ACCENT_COLOR_NAME = AccentColor;
				CODE_SIGN_ENTITLEMENTS = "ios-archi/Release.entitlements";
				CURRENT_PROJECT_VERSION = 1;
				DEVELOPMENT_ASSET_PATHS = "\"ios-archi/Resources/Preview Content\"";
				ENABLE_PREVIEWS = YES;
				GENERATE_INFOPLIST_FILE = YES;
				INFOPLIST_FILE = "ios-archi/Info.plist";
				INFOPLIST_KEY_CFBundleDisplayName = "${PRODUCT_NAME}";
				INFOPLIST_KEY_LSSupportsOpeningDocumentsInPlace = YES;
				INFOPLIST_KEY_NSCameraUsageDescription = "写真を撮るには許可が必要です。";
				INFOPLIST_KEY_UIApplicationSceneManifest_Generation = YES;
				INFOPLIST_KEY_UIApplicationSupportsIndirectInputEvents = YES;
				INFOPLIST_KEY_UILaunchScreen_Generation = YES;
				INFOPLIST_KEY_UISupportedInterfaceOrientations_iPad = "UIInterfaceOrientationPortrait UIInterfaceOrientationPortraitUpsideDown";
				INFOPLIST_KEY_UISupportedInterfaceOrientations_iPhone = "UIInterfaceOrientationPortrait";
				LD_RUNPATH_SEARCH_PATHS = (
					"$(inherited)",
					"@executable_path/Frameworks",
				);
				MARKETING_VERSION = 0.1.0;
				OTHER_LDFLAGS = "-ObjC";
				PRODUCT_NAME = "$(TARGET_NAME)";
				SUPPORTED_PLATFORMS = "iphoneos iphonesimulator";
				SUPPORTS_MACCATALYST = NO;
				SWIFT_EMIT_LOC_STRINGS = YES;
				SWIFT_VERSION = 5.0;
				TARGETED_DEVICE_FAMILY = "1,2";
			};
			name = Release;
		};
		CD05E07E2EC79BEE002E41EF /* Debug */ = {
			isa = XCBuildConfiguration;
			buildSettings = {
				CLANG_CXX_LANGUAGE_STANDARD = "gnu++20";
				CODE_SIGN_STYLE = Automatic;
				CURRENT_PROJECT_VERSION = 1;
				ENABLE_USER_SCRIPT_SANDBOXING = YES;
				GCC_C_LANGUAGE_STANDARD = gnu17;
				GENERATE_INFOPLIST_FILE = YES;
				IPHONEOS_DEPLOYMENT_TARGET = 17.6;
				LOCALIZATION_PREFERS_STRING_CATALOGS = YES;
				MARKETING_VERSION = 1.0;
				PRODUCT_BUNDLE_IDENTIFIER = "$(PRODUCT_BUNDLE_IDENTIFIER_UITESTS)";
				PRODUCT_NAME = "$(TARGET_NAME)";
				STRING_CATALOG_GENERATE_SYMBOLS = NO;
				SWIFT_ACTIVE_COMPILATION_CONDITIONS = "DEBUG $(inherited)";
				SWIFT_APPROACHABLE_CONCURRENCY = YES;
				SWIFT_EMIT_LOC_STRINGS = NO;
				SWIFT_UPCOMING_FEATURE_MEMBER_IMPORT_VISIBILITY = YES;
				SWIFT_VERSION = 5.0;
				TARGETED_DEVICE_FAMILY = "1,2";
				TEST_TARGET_NAME = "ios-archi";
			};
			name = Debug;
		};
		CD05E07F2EC79BEE002E41EF /* Release */ = {
			isa = XCBuildConfiguration;
			buildSettings = {
				CLANG_CXX_LANGUAGE_STANDARD = "gnu++20";
				CODE_SIGN_STYLE = Automatic;
				CURRENT_PROJECT_VERSION = 1;
				ENABLE_USER_SCRIPT_SANDBOXING = YES;
				GCC_C_LANGUAGE_STANDARD = gnu17;
				GENERATE_INFOPLIST_FILE = YES;
				IPHONEOS_DEPLOYMENT_TARGET = 17.6;
				LOCALIZATION_PREFERS_STRING_CATALOGS = YES;
				MARKETING_VERSION = 1.0;
				PRODUCT_BUNDLE_IDENTIFIER = "$(PRODUCT_BUNDLE_IDENTIFIER_UITESTS)";
				PRODUCT_NAME = "$(TARGET_NAME)";
				STRING_CATALOG_GENERATE_SYMBOLS = NO;
				SWIFT_APPROACHABLE_CONCURRENCY = YES;
				SWIFT_EMIT_LOC_STRINGS = NO;
				SWIFT_UPCOMING_FEATURE_MEMBER_IMPORT_VISIBILITY = YES;
				SWIFT_VERSION = 5.0;
				TARGETED_DEVICE_FAMILY = "1,2";
				TEST_TARGET_NAME = "ios-archi";
			};
			name = Release;
		};
		CD05E09C2EC7A7A6002E41EF /* Debug */ = {
			isa = XCBuildConfiguration;
			buildSettings = {
				BUNDLE_LOADER = "$(TEST_HOST)";
				CLANG_CXX_LANGUAGE_STANDARD = "gnu++20";
				CODE_SIGN_STYLE = Automatic;
				CURRENT_PROJECT_VERSION = 1;
				ENABLE_USER_SCRIPT_SANDBOXING = YES;
				GCC_C_LANGUAGE_STANDARD = gnu17;
				GENERATE_INFOPLIST_FILE = YES;
				IPHONEOS_DEPLOYMENT_TARGET = 17.6;
				LOCALIZATION_PREFERS_STRING_CATALOGS = YES;
				MARKETING_VERSION = 1.0;
				PRODUCT_BUNDLE_IDENTIFIER = "$(PRODUCT_BUNDLE_IDENTIFIER_TESTS)";
				PRODUCT_NAME = "$(TARGET_NAME)";
				STRING_CATALOG_GENERATE_SYMBOLS = NO;
				SWIFT_ACTIVE_COMPILATION_CONDITIONS = "DEBUG $(inherited)";
				SWIFT_APPROACHABLE_CONCURRENCY = YES;
				SWIFT_EMIT_LOC_STRINGS = NO;
				SWIFT_UPCOMING_FEATURE_MEMBER_IMPORT_VISIBILITY = YES;
				SWIFT_VERSION = 5.0;
				TARGETED_DEVICE_FAMILY = "1,2";
				TEST_HOST = "$(BUILT_PRODUCTS_DIR)/ios-archi.app/$(BUNDLE_EXECUTABLE_FOLDER_PATH)/ios-archi";
			};
			name = Debug;
		};
		CD05E09D2EC7A7A6002E41EF /* Release */ = {
			isa = XCBuildConfiguration;
			buildSettings = {
				BUNDLE_LOADER = "$(TEST_HOST)";
				CLANG_CXX_LANGUAGE_STANDARD = "gnu++20";
				CODE_SIGN_STYLE = Automatic;
				CURRENT_PROJECT_VERSION = 1;
				ENABLE_USER_SCRIPT_SANDBOXING = YES;
				GCC_C_LANGUAGE_STANDARD = gnu17;
				GENERATE_INFOPLIST_FILE = YES;
				IPHONEOS_DEPLOYMENT_TARGET = 17.6;
				LOCALIZATION_PREFERS_STRING_CATALOGS = YES;
				MARKETING_VERSION = 1.0;
				PRODUCT_BUNDLE_IDENTIFIER = "$(PRODUCT_BUNDLE_IDENTIFIER_TESTS)";
				PRODUCT_NAME = "$(TARGET_NAME)";
				STRING_CATALOG_GENERATE_SYMBOLS = NO;
				SWIFT_APPROACHABLE_CONCURRENCY = YES;
				SWIFT_EMIT_LOC_STRINGS = NO;
				SWIFT_UPCOMING_FEATURE_MEMBER_IMPORT_VISIBILITY = YES;
				SWIFT_VERSION = 5.0;
				TARGETED_DEVICE_FAMILY = "1,2";
				TEST_HOST = "$(BUILT_PRODUCTS_DIR)/ios-archi.app/$(BUNDLE_EXECUTABLE_FOLDER_PATH)/ios-archi";
			};
			name = Release;
		};
/* End XCBuildConfiguration section */

/* Begin XCConfigurationList section */
		83E74B22292E315600FA1F46 /* Build configuration list for PBXProject "ios-archi" */ = {
			isa = XCConfigurationList;
			buildConfigurations = (
				83E74B49292E315D00FA1F46 /* Debug */,
				83E74B4A292E315D00FA1F46 /* Release */,
			);
			defaultConfigurationIsVisible = 0;
			defaultConfigurationName = Release;
		};
		83E74B4B292E315D00FA1F46 /* Build configuration list for PBXNativeTarget "ios-archi" */ = {
			isa = XCConfigurationList;
			buildConfigurations = (
				83E74B4C292E315D00FA1F46 /* Debug */,
				83E74B4D292E315D00FA1F46 /* Release */,
			);
			defaultConfigurationIsVisible = 0;
			defaultConfigurationName = Release;
		};
		CD05E0802EC79BEE002E41EF /* Build configuration list for PBXNativeTarget "ios-archiUITests" */ = {
			isa = XCConfigurationList;
			buildConfigurations = (
				CD05E07E2EC79BEE002E41EF /* Debug */,
				CD05E07F2EC79BEE002E41EF /* Release */,
			);
			defaultConfigurationIsVisible = 0;
			defaultConfigurationName = Release;
		};
		CD05E09B2EC7A7A6002E41EF /* Build configuration list for PBXNativeTarget "ios-archiTests" */ = {
			isa = XCConfigurationList;
			buildConfigurations = (
				CD05E09C2EC7A7A6002E41EF /* Debug */,
				CD05E09D2EC7A7A6002E41EF /* Release */,
			);
			defaultConfigurationIsVisible = 0;
			defaultConfigurationName = Release;
		};
/* End XCConfigurationList section */

/* Begin XCSwiftPackageProductDependency section */
		977078F52BE2304100A4B040 /* AnalyticsImpl */ = {
			isa = XCSwiftPackageProductDependency;
			productName = AnalyticsImpl;
		};
		97B0E22D2A4F6551003581A1 /* AppFeature */ = {
			isa = XCSwiftPackageProductDependency;
			productName = AppFeature;
		};
/* End XCSwiftPackageProductDependency section */
	};
	rootObject = 83E74B1F292E315600FA1F46 /* Project object */;
}
