// !$*UTF8*$!
{
	archiveVersion = 1;
	classes = {
	};
	objectVersion = 55;
	objects = {

/* Begin PBXBuildFile section */
		83E74B2B292E315600FA1F46 /* ios_archiApp.swift in Sources */ = {isa = PBXBuildFile; fileRef = 83E74B2A292E315600FA1F46 /* ios_archiApp.swift */; };
		83E74B32292E315D00FA1F46 /* Preview Assets.xcassets in Resources */ = {isa = PBXBuildFile; fileRef = 83E74B31292E315D00FA1F46 /* Preview Assets.xcassets */; };
		97B0E22E2A4F6551003581A1 /* AppFeature in Frameworks */ = {isa = PBXBuildFile; productRef = 97B0E22D2A4F6551003581A1 /* AppFeature */; };
		CD430D132A55D0AC00AB8EFA /* Debug.xcconfig in Resources */ = {isa = PBXBuildFile; fileRef = CD430D0F2A55D0AC00AB8EFA /* Debug.xcconfig */; };
		CD430D142A55D0AC00AB8EFA /* Release.xcconfig in Resources */ = {isa = PBXBuildFile; fileRef = CD430D102A55D0AC00AB8EFA /* Release.xcconfig */; };
		CD430D162A55D0AC00AB8EFA /* Base.xcconfig in Resources */ = {isa = PBXBuildFile; fileRef = CD430D122A55D0AC00AB8EFA /* Base.xcconfig */; };
		CDCC38582A59E5B100679A35 /* Assets.xcassets in Resources */ = {isa = PBXBuildFile; fileRef = CDCC38572A59E5B100679A35 /* Assets.xcassets */; };
		EB8ED76D45542199BA43AE04 /* Pods_ios_archi.framework in Frameworks */ = {isa = PBXBuildFile; fileRef = E41725DDA4F7CD16B1057AFB /* Pods_ios_archi.framework */; };
/* End PBXBuildFile section */

/* Begin PBXFileReference section */
		83E74B27292E315600FA1F46 /* ios-archi.app */ = {isa = PBXFileReference; explicitFileType = wrapper.application; includeInIndex = 0; path = "ios-archi.app"; sourceTree = BUILT_PRODUCTS_DIR; };
		83E74B2A292E315600FA1F46 /* ios_archiApp.swift */ = {isa = PBXFileReference; lastKnownFileType = sourcecode.swift; path = ios_archiApp.swift; sourceTree = "<group>"; };
		83E74B31292E315D00FA1F46 /* Preview Assets.xcassets */ = {isa = PBXFileReference; lastKnownFileType = folder.assetcatalog; path = "Preview Assets.xcassets"; sourceTree = "<group>"; };
		9EA0AD020CD2636DAEC60268 /* Pods-ios-archi.release.xcconfig */ = {isa = PBXFileReference; includeInIndex = 1; lastKnownFileType = text.xcconfig; name = "Pods-ios-archi.release.xcconfig"; path = "Target Support Files/Pods-ios-archi/Pods-ios-archi.release.xcconfig"; sourceTree = "<group>"; };
		B137D1DEF9A121B7DFC6ED73 /* Pods-ios-archi.debug.xcconfig */ = {isa = PBXFileReference; includeInIndex = 1; lastKnownFileType = text.xcconfig; name = "Pods-ios-archi.debug.xcconfig"; path = "Target Support Files/Pods-ios-archi/Pods-ios-archi.debug.xcconfig"; sourceTree = "<group>"; };
		CD430D0F2A55D0AC00AB8EFA /* Debug.xcconfig */ = {isa = PBXFileReference; fileEncoding = 4; lastKnownFileType = text.xcconfig; path = Debug.xcconfig; sourceTree = "<group>"; };
		CD430D102A55D0AC00AB8EFA /* Release.xcconfig */ = {isa = PBXFileReference; fileEncoding = 4; lastKnownFileType = text.xcconfig; path = Release.xcconfig; sourceTree = "<group>"; };
		CD430D122A55D0AC00AB8EFA /* Base.xcconfig */ = {isa = PBXFileReference; fileEncoding = 4; lastKnownFileType = text.xcconfig; path = Base.xcconfig; sourceTree = "<group>"; };
		CD6878DF2AE0557D00C4B14F /* ios-archi.entitlements */ = {isa = PBXFileReference; lastKnownFileType = text.plist.entitlements; path = "ios-archi.entitlements"; sourceTree = "<group>"; };
		CD73EEE92A59B6930028B068 /* ios-archi.xctestplan */ = {isa = PBXFileReference; lastKnownFileType = text; path = "ios-archi.xctestplan"; sourceTree = "<group>"; };
		CDCC38572A59E5B100679A35 /* Assets.xcassets */ = {isa = PBXFileReference; lastKnownFileType = folder.assetcatalog; path = Assets.xcassets; sourceTree = "<group>"; };
		CDE7E6232A59CA3F00EFDC11 /* Info.plist */ = {isa = PBXFileReference; lastKnownFileType = text.plist; path = Info.plist; sourceTree = "<group>"; };
		E41725DDA4F7CD16B1057AFB /* Pods_ios_archi.framework */ = {isa = PBXFileReference; explicitFileType = wrapper.framework; includeInIndex = 0; path = Pods_ios_archi.framework; sourceTree = BUILT_PRODUCTS_DIR; };
/* End PBXFileReference section */

/* Begin PBXFrameworksBuildPhase section */
		83E74B24292E315600FA1F46 /* Frameworks */ = {
			isa = PBXFrameworksBuildPhase;
			buildActionMask = 2147483647;
			files = (
				97B0E22E2A4F6551003581A1 /* AppFeature in Frameworks */,
				EB8ED76D45542199BA43AE04 /* Pods_ios_archi.framework in Frameworks */,
			);
			runOnlyForDeploymentPostprocessing = 0;
		};
/* End PBXFrameworksBuildPhase section */

/* Begin PBXGroup section */
		20ABA691EDCBAB865296460F /* Pods */ = {
			isa = PBXGroup;
			children = (
				B137D1DEF9A121B7DFC6ED73 /* Pods-ios-archi.debug.xcconfig */,
				9EA0AD020CD2636DAEC60268 /* Pods-ios-archi.release.xcconfig */,
			);
			name = Pods;
			path = ../Pods;
			sourceTree = "<group>";
		};
		83E74B1E292E315600FA1F46 = {
			isa = PBXGroup;
			children = (
				CD73EEE92A59B6930028B068 /* ios-archi.xctestplan */,
				83E74B29292E315600FA1F46 /* ios-archi */,
				83E74B28292E315600FA1F46 /* Products */,
				DF99ECBECFE82D436A431575 /* Frameworks */,
				20ABA691EDCBAB865296460F /* Pods */,
			);
			sourceTree = "<group>";
		};
		83E74B28292E315600FA1F46 /* Products */ = {
			isa = PBXGroup;
			children = (
				83E74B27292E315600FA1F46 /* ios-archi.app */,
			);
			name = Products;
			sourceTree = "<group>";
		};
		83E74B29292E315600FA1F46 /* ios-archi */ = {
			isa = PBXGroup;
			children = (
				CD6878DF2AE0557D00C4B14F /* ios-archi.entitlements */,
				CDE7E6232A59CA3F00EFDC11 /* Info.plist */,
				83E74B2A292E315600FA1F46 /* ios_archiApp.swift */,
				CDCC38572A59E5B100679A35 /* Assets.xcassets */,
				83E74B30292E315D00FA1F46 /* Preview Content */,
				CD430D0E2A55D0AC00AB8EFA /* XCConfig */,
			);
			path = "ios-archi";
			sourceTree = "<group>";
		};
		83E74B30292E315D00FA1F46 /* Preview Content */ = {
			isa = PBXGroup;
			children = (
				83E74B31292E315D00FA1F46 /* Preview Assets.xcassets */,
			);
			path = "Preview Content";
			sourceTree = "<group>";
		};
		CD430D0E2A55D0AC00AB8EFA /* XCConfig */ = {
			isa = PBXGroup;
			children = (
				CD430D0F2A55D0AC00AB8EFA /* Debug.xcconfig */,
				CD430D102A55D0AC00AB8EFA /* Release.xcconfig */,
				CD430D122A55D0AC00AB8EFA /* Base.xcconfig */,
			);
			path = XCConfig;
			sourceTree = "<group>";
		};
		DF99ECBECFE82D436A431575 /* Frameworks */ = {
			isa = PBXGroup;
			children = (
				E41725DDA4F7CD16B1057AFB /* Pods_ios_archi.framework */,
			);
			name = Frameworks;
			sourceTree = "<group>";
		};
/* End PBXGroup section */

/* Begin PBXNativeTarget section */
		83E74B26292E315600FA1F46 /* ios-archi */ = {
			isa = PBXNativeTarget;
			buildConfigurationList = 83E74B4B292E315D00FA1F46 /* Build configuration list for PBXNativeTarget "ios-archi" */;
			buildPhases = (
				8C0A583C1902CE216094A872 /* [CP] Check Pods Manifest.lock */,
				83C439DC2986807600DA1425 /* SwiftFormat */,
				83C439DD298680AA00DA1425 /* SwiftLint */,
				83E74B23292E315600FA1F46 /* Sources */,
				83E74B24292E315600FA1F46 /* Frameworks */,
				83E74B25292E315600FA1F46 /* Resources */,
				97B0E22F2A4F6BBE003581A1 /* create env.txt */,
			);
			buildRules = (
			);
			dependencies = (
			);
			name = "ios-archi";
			packageProductDependencies = (
				97B0E22D2A4F6551003581A1 /* AppFeature */,
			);
			productName = "ios-archi";
			productReference = 83E74B27292E315600FA1F46 /* ios-archi.app */;
			productType = "com.apple.product-type.application";
		};
/* End PBXNativeTarget section */

/* Begin PBXProject section */
		83E74B1F292E315600FA1F46 /* Project object */ = {
			isa = PBXProject;
			attributes = {
				BuildIndependentTargetsInParallel = 1;
				LastSwiftUpdateCheck = 1340;
				LastUpgradeCheck = 1340;
				TargetAttributes = {
					83E74B26292E315600FA1F46 = {
						CreatedOnToolsVersion = 13.4.1;
					};
				};
			};
			buildConfigurationList = 83E74B22292E315600FA1F46 /* Build configuration list for PBXProject "ios-archi" */;
			compatibilityVersion = "Xcode 13.0";
			developmentRegion = en;
			hasScannedForEncodings = 0;
			knownRegions = (
				en,
				Base,
			);
			mainGroup = 83E74B1E292E315600FA1F46;
			productRefGroup = 83E74B28292E315600FA1F46 /* Products */;
			projectDirPath = "";
			projectRoot = "";
			targets = (
				83E74B26292E315600FA1F46 /* ios-archi */,
			);
		};
/* End PBXProject section */

/* Begin PBXResourcesBuildPhase section */
		83E74B25292E315600FA1F46 /* Resources */ = {
			isa = PBXResourcesBuildPhase;
			buildActionMask = 2147483647;
			files = (
				CD430D132A55D0AC00AB8EFA /* Debug.xcconfig in Resources */,
				83E74B32292E315D00FA1F46 /* Preview Assets.xcassets in Resources */,
				CD430D142A55D0AC00AB8EFA /* Release.xcconfig in Resources */,
				CDCC38582A59E5B100679A35 /* Assets.xcassets in Resources */,
				CD430D162A55D0AC00AB8EFA /* Base.xcconfig in Resources */,
			);
			runOnlyForDeploymentPostprocessing = 0;
		};
/* End PBXResourcesBuildPhase section */

/* Begin PBXShellScriptBuildPhase section */
		83C439DC2986807600DA1425 /* SwiftFormat */ = {
			isa = PBXShellScriptBuildPhase;
			alwaysOutOfDate = 1;
			buildActionMask = 2147483647;
			files = (
			);
			inputFileListPaths = (
			);
			inputPaths = (
			);
			name = SwiftFormat;
			outputFileListPaths = (
			);
			outputPaths = (
			);
			runOnlyForDeploymentPostprocessing = 0;
			shellPath = /bin/sh;
			shellScript = "if which \"${PODS_ROOT}/SwiftFormat/CommandLineTool/swiftformat\" > /dev/null; then\n    \"${PODS_ROOT}/SwiftFormat/CommandLineTool/swiftformat\" \"${SRCROOT}/..\"\nelse\n  echo \"warning: SwiftFormat not installed, download from https://github.com/nicklockwood/SwiftFormat\"\nfi\n";
		};
		83C439DD298680AA00DA1425 /* SwiftLint */ = {
			isa = PBXShellScriptBuildPhase;
			alwaysOutOfDate = 1;
			buildActionMask = 2147483647;
			files = (
			);
			inputFileListPaths = (
			);
			inputPaths = (
			);
			name = SwiftLint;
			outputFileListPaths = (
			);
			outputPaths = (
			);
			runOnlyForDeploymentPostprocessing = 0;
			shellPath = /bin/sh;
			shellScript = "if which \"${PODS_ROOT}/SwiftLint/swiftlint\" > /dev/null; then\n  \"${PODS_ROOT}/SwiftLint/swiftlint\"\nelse\n  echo \"warning: SwiftLint not installed, download from https://github.com/realm/SwiftLint\"\nfi\n";
		};
		8C0A583C1902CE216094A872 /* [CP] Check Pods Manifest.lock */ = {
			isa = PBXShellScriptBuildPhase;
			buildActionMask = 2147483647;
			files = (
			);
			inputFileListPaths = (
			);
			inputPaths = (
				"${PODS_PODFILE_DIR_PATH}/Podfile.lock",
				"${PODS_ROOT}/Manifest.lock",
			);
			name = "[CP] Check Pods Manifest.lock";
			outputFileListPaths = (
			);
			outputPaths = (
				"$(DERIVED_FILE_DIR)/Pods-ios-archi-checkManifestLockResult.txt",
			);
			runOnlyForDeploymentPostprocessing = 0;
			shellPath = /bin/sh;
			shellScript = "diff \"${PODS_PODFILE_DIR_PATH}/Podfile.lock\" \"${PODS_ROOT}/Manifest.lock\" > /dev/null\nif [ $? != 0 ] ; then\n    # print error to STDERR\n    echo \"error: The sandbox is not in sync with the Podfile.lock. Run 'pod install' or update your CocoaPods installation.\" >&2\n    exit 1\nfi\n# This output is used by Xcode 'outputs' to avoid re-running this script phase.\necho \"SUCCESS\" > \"${SCRIPT_OUTPUT_FILE_0}\"\n";
			showEnvVarsInLog = 0;
		};
		97B0E22F2A4F6BBE003581A1 /* create env.txt */ = {
			isa = PBXShellScriptBuildPhase;
			alwaysOutOfDate = 1;
			buildActionMask = 2147483647;
			files = (
			);
			inputFileListPaths = (
			);
			inputPaths = (
			);
			name = "create env.txt";
			outputFileListPaths = (
			);
			outputPaths = (
			);
			runOnlyForDeploymentPostprocessing = 0;
			shellPath = /bin/sh;
			shellScript = "#env > env.txt\n";
		};
/* End PBXShellScriptBuildPhase section */

/* Begin PBXSourcesBuildPhase section */
		83E74B23292E315600FA1F46 /* Sources */ = {
			isa = PBXSourcesBuildPhase;
			buildActionMask = 2147483647;
			files = (
				83E74B2B292E315600FA1F46 /* ios_archiApp.swift in Sources */,
			);
			runOnlyForDeploymentPostprocessing = 0;
		};
/* End PBXSourcesBuildPhase section */

/* Begin XCBuildConfiguration section */
		83E74B49292E315D00FA1F46 /* Debug */ = {
			isa = XCBuildConfiguration;
			baseConfigurationReference = CD430D122A55D0AC00AB8EFA /* Base.xcconfig */;
			buildSettings = {
				ALWAYS_SEARCH_USER_PATHS = NO;
				CLANG_ANALYZER_NONNULL = YES;
				CLANG_ANALYZER_NUMBER_OBJECT_CONVERSION = YES_AGGRESSIVE;
				CLANG_CXX_LANGUAGE_STANDARD = "gnu++17";
				CLANG_ENABLE_MODULES = YES;
				CLANG_ENABLE_OBJC_ARC = YES;
				CLANG_ENABLE_OBJC_WEAK = YES;
				CLANG_WARN_BLOCK_CAPTURE_AUTORELEASING = YES;
				CLANG_WARN_BOOL_CONVERSION = YES;
				CLANG_WARN_COMMA = YES;
				CLANG_WARN_CONSTANT_CONVERSION = YES;
				CLANG_WARN_DEPRECATED_OBJC_IMPLEMENTATIONS = YES;
				CLANG_WARN_DIRECT_OBJC_ISA_USAGE = YES_ERROR;
				CLANG_WARN_DOCUMENTATION_COMMENTS = YES;
				CLANG_WARN_EMPTY_BODY = YES;
				CLANG_WARN_ENUM_CONVERSION = YES;
				CLANG_WARN_INFINITE_RECURSION = YES;
				CLANG_WARN_INT_CONVERSION = YES;
				CLANG_WARN_NON_LITERAL_NULL_CONVERSION = YES;
				CLANG_WARN_OBJC_IMPLICIT_RETAIN_SELF = YES;
				CLANG_WARN_OBJC_LITERAL_CONVERSION = YES;
				CLANG_WARN_OBJC_ROOT_CLASS = YES_ERROR;
				CLANG_WARN_QUOTED_INCLUDE_IN_FRAMEWORK_HEADER = YES;
				CLANG_WARN_RANGE_LOOP_ANALYSIS = YES;
				CLANG_WARN_STRICT_PROTOTYPES = YES;
				CLANG_WARN_SUSPICIOUS_MOVE = YES;
				CLANG_WARN_UNGUARDED_AVAILABILITY = YES_AGGRESSIVE;
				CLANG_WARN_UNREACHABLE_CODE = YES;
				CLANG_WARN__DUPLICATE_METHOD_MATCH = YES;
				COPY_PHASE_STRIP = NO;
				DEBUG_INFORMATION_FORMAT = dwarf;
				ENABLE_STRICT_OBJC_MSGSEND = YES;
				ENABLE_TESTABILITY = YES;
				GCC_C_LANGUAGE_STANDARD = gnu11;
				GCC_DYNAMIC_NO_PIC = NO;
				GCC_NO_COMMON_BLOCKS = YES;
				GCC_OPTIMIZATION_LEVEL = 0;
				GCC_PREPROCESSOR_DEFINITIONS = (
					"DEBUG=1",
					"$(inherited)",
				);
				GCC_WARN_64_TO_32_BIT_CONVERSION = YES;
				GCC_WARN_ABOUT_RETURN_TYPE = YES_ERROR;
				GCC_WARN_UNDECLARED_SELECTOR = YES;
				GCC_WARN_UNINITIALIZED_AUTOS = YES_AGGRESSIVE;
				GCC_WARN_UNUSED_FUNCTION = YES;
				GCC_WARN_UNUSED_VARIABLE = YES;
				IPHONEOS_DEPLOYMENT_TARGET = 16.0;
				MTL_ENABLE_DEBUG_INFO = INCLUDE_SOURCE;
				MTL_FAST_MATH = YES;
				ONLY_ACTIVE_ARCH = YES;
				SDKROOT = iphoneos;
				SWIFT_ACTIVE_COMPILATION_CONDITIONS = DEBUG;
				SWIFT_OPTIMIZATION_LEVEL = "-Onone";
				SWIFT_STRICT_CONCURRENCY = complete;
			};
			name = Debug;
		};
		83E74B4A292E315D00FA1F46 /* Release */ = {
			isa = XCBuildConfiguration;
			baseConfigurationReference = CD430D122A55D0AC00AB8EFA /* Base.xcconfig */;
			buildSettings = {
				ALWAYS_SEARCH_USER_PATHS = NO;
				CLANG_ANALYZER_NONNULL = YES;
				CLANG_ANALYZER_NUMBER_OBJECT_CONVERSION = YES_AGGRESSIVE;
				CLANG_CXX_LANGUAGE_STANDARD = "gnu++17";
				CLANG_ENABLE_MODULES = YES;
				CLANG_ENABLE_OBJC_ARC = YES;
				CLANG_ENABLE_OBJC_WEAK = YES;
				CLANG_WARN_BLOCK_CAPTURE_AUTORELEASING = YES;
				CLANG_WARN_BOOL_CONVERSION = YES;
				CLANG_WARN_COMMA = YES;
				CLANG_WARN_CONSTANT_CONVERSION = YES;
				CLANG_WARN_DEPRECATED_OBJC_IMPLEMENTATIONS = YES;
				CLANG_WARN_DIRECT_OBJC_ISA_USAGE = YES_ERROR;
				CLANG_WARN_DOCUMENTATION_COMMENTS = YES;
				CLANG_WARN_EMPTY_BODY = YES;
				CLANG_WARN_ENUM_CONVERSION = YES;
				CLANG_WARN_INFINITE_RECURSION = YES;
				CLANG_WARN_INT_CONVERSION = YES;
				CLANG_WARN_NON_LITERAL_NULL_CONVERSION = YES;
				CLANG_WARN_OBJC_IMPLICIT_RETAIN_SELF = YES;
				CLANG_WARN_OBJC_LITERAL_CONVERSION = YES;
				CLANG_WARN_OBJC_ROOT_CLASS = YES_ERROR;
				CLANG_WARN_QUOTED_INCLUDE_IN_FRAMEWORK_HEADER = YES;
				CLANG_WARN_RANGE_LOOP_ANALYSIS = YES;
				CLANG_WARN_STRICT_PROTOTYPES = YES;
				CLANG_WARN_SUSPICIOUS_MOVE = YES;
				CLANG_WARN_UNGUARDED_AVAILABILITY = YES_AGGRESSIVE;
				CLANG_WARN_UNREACHABLE_CODE = YES;
				CLANG_WARN__DUPLICATE_METHOD_MATCH = YES;
				COPY_PHASE_STRIP = NO;
				DEBUG_INFORMATION_FORMAT = "dwarf-with-dsym";
				ENABLE_NS_ASSERTIONS = NO;
				ENABLE_STRICT_OBJC_MSGSEND = YES;
				GCC_C_LANGUAGE_STANDARD = gnu11;
				GCC_NO_COMMON_BLOCKS = YES;
				GCC_WARN_64_TO_32_BIT_CONVERSION = YES;
				GCC_WARN_ABOUT_RETURN_TYPE = YES_ERROR;
				GCC_WARN_UNDECLARED_SELECTOR = YES;
				GCC_WARN_UNINITIALIZED_AUTOS = YES_AGGRESSIVE;
				GCC_WARN_UNUSED_FUNCTION = YES;
				GCC_WARN_UNUSED_VARIABLE = YES;
				IPHONEOS_DEPLOYMENT_TARGET = 16.0;
				MTL_ENABLE_DEBUG_INFO = NO;
				MTL_FAST_MATH = YES;
				SDKROOT = iphoneos;
				SWIFT_COMPILATION_MODE = wholemodule;
				SWIFT_OPTIMIZATION_LEVEL = "-O";
				SWIFT_STRICT_CONCURRENCY = complete;
				VALIDATE_PRODUCT = YES;
			};
			name = Release;
		};
		83E74B4C292E315D00FA1F46 /* Debug */ = {
			isa = XCBuildConfiguration;
			baseConfigurationReference = CD430D0F2A55D0AC00AB8EFA /* Debug.xcconfig */;
			buildSettings = {
				ASSETCATALOG_COMPILER_APPICON_NAME = AppIcon;
				ASSETCATALOG_COMPILER_GLOBAL_ACCENT_COLOR_NAME = AccentColor;
				CODE_SIGN_ENTITLEMENTS = "ios-archi/ios-archi.entitlements";
				CURRENT_PROJECT_VERSION = 1;
				DEVELOPMENT_ASSET_PATHS = "\"ios-archi/Preview Content\"";
				ENABLE_PREVIEWS = YES;
				GENERATE_INFOPLIST_FILE = YES;
				INFOPLIST_FILE = "ios-archi/Info.plist";
				INFOPLIST_KEY_CFBundleDisplayName = "${PRODUCT_NAME}/d";
				INFOPLIST_KEY_NSCameraUsageDescription = "写真を撮るには許可が必要です。";
				INFOPLIST_KEY_UIApplicationSceneManifest_Generation = YES;
				INFOPLIST_KEY_UIApplicationSupportsIndirectInputEvents = YES;
				INFOPLIST_KEY_UILaunchScreen_Generation = YES;
				INFOPLIST_KEY_UISupportedInterfaceOrientations_iPad = "UIInterfaceOrientationPortrait UIInterfaceOrientationPortraitUpsideDown UIInterfaceOrientationLandscapeLeft UIInterfaceOrientationLandscapeRight";
				INFOPLIST_KEY_UISupportedInterfaceOrientations_iPhone = "UIInterfaceOrientationPortrait UIInterfaceOrientationLandscapeLeft UIInterfaceOrientationLandscapeRight";
				LD_RUNPATH_SEARCH_PATHS = (
					"$(inherited)",
					"@executable_path/Frameworks",
				);
				MARKETING_VERSION = 1.0;
				PRODUCT_NAME = "$(TARGET_NAME)";
				SUPPORTED_PLATFORMS = "iphoneos iphonesimulator";
				SUPPORTS_MACCATALYST = NO;
				SWIFT_EMIT_LOC_STRINGS = YES;
				SWIFT_VERSION = 5.0;
				TARGETED_DEVICE_FAMILY = "1,2";
			};
			name = Debug;
		};
		83E74B4D292E315D00FA1F46 /* Release */ = {
			isa = XCBuildConfiguration;
			baseConfigurationReference = CD430D102A55D0AC00AB8EFA /* Release.xcconfig */;
			buildSettings = {
				ASSETCATALOG_COMPILER_APPICON_NAME = AppIcon;
				ASSETCATALOG_COMPILER_GLOBAL_ACCENT_COLOR_NAME = AccentColor;
				CODE_SIGN_ENTITLEMENTS = "ios-archi/ios-archi.entitlements";
				CURRENT_PROJECT_VERSION = 1;
				DEVELOPMENT_ASSET_PATHS = "\"ios-archi/Preview Content\"";
				ENABLE_PREVIEWS = YES;
				GENERATE_INFOPLIST_FILE = YES;
				INFOPLIST_FILE = "ios-archi/Info.plist";
				INFOPLIST_KEY_CFBundleDisplayName = "${PRODUCT_NAME}";
				INFOPLIST_KEY_NSCameraUsageDescription = "写真を撮るには許可が必要です。";
				INFOPLIST_KEY_UIApplicationSceneManifest_Generation = YES;
				INFOPLIST_KEY_UIApplicationSupportsIndirectInputEvents = YES;
				INFOPLIST_KEY_UILaunchScreen_Generation = YES;
				INFOPLIST_KEY_UISupportedInterfaceOrientations_iPad = "UIInterfaceOrientationPortrait UIInterfaceOrientationPortraitUpsideDown UIInterfaceOrientationLandscapeLeft UIInterfaceOrientationLandscapeRight";
				INFOPLIST_KEY_UISupportedInterfaceOrientations_iPhone = "UIInterfaceOrientationPortrait UIInterfaceOrientationLandscapeLeft UIInterfaceOrientationLandscapeRight";
				LD_RUNPATH_SEARCH_PATHS = (
					"$(inherited)",
					"@executable_path/Frameworks",
				);
				MARKETING_VERSION = 1.0;
				PRODUCT_NAME = "$(TARGET_NAME)";
				SUPPORTED_PLATFORMS = "iphoneos iphonesimulator";
				SUPPORTS_MACCATALYST = NO;
				SWIFT_EMIT_LOC_STRINGS = YES;
				SWIFT_VERSION = 5.0;
				TARGETED_DEVICE_FAMILY = "1,2";
			};
			name = Release;
		};
/* End XCBuildConfiguration section */

/* Begin XCConfigurationList section */
		83E74B22292E315600FA1F46 /* Build configuration list for PBXProject "ios-archi" */ = {
			isa = XCConfigurationList;
			buildConfigurations = (
				83E74B49292E315D00FA1F46 /* Debug */,
				83E74B4A292E315D00FA1F46 /* Release */,
			);
			defaultConfigurationIsVisible = 0;
			defaultConfigurationName = Release;
		};
		83E74B4B292E315D00FA1F46 /* Build configuration list for PBXNativeTarget "ios-archi" */ = {
			isa = XCConfigurationList;
			buildConfigurations = (
				83E74B4C292E315D00FA1F46 /* Debug */,
				83E74B4D292E315D00FA1F46 /* Release */,
			);
			defaultConfigurationIsVisible = 0;
			defaultConfigurationName = Release;
		};
/* End XCConfigurationList section */

/* Begin XCSwiftPackageProductDependency section */
		97B0E22D2A4F6551003581A1 /* AppFeature */ = {
			isa = XCSwiftPackageProductDependency;
			productName = AppFeature;
		};
/* End XCSwiftPackageProductDependency section */
	};
	rootObject = 83E74B1F292E315600FA1F46 /* Project object */;
}
