// !$*UTF8*$!
{
	archiveVersion = 1;
	classes = {
	};
	objectVersion = 55;
	objects = {

/* Begin PBXBuildFile section */
		351C6CF987F10AE0357A4265 /* Pods_ios_archi.framework in Frameworks */ = {isa = PBXBuildFile; fileRef = D74C31526259A4A8B52B2B13 /* Pods_ios_archi.framework */; };
		83273AEE2984306B006FA87C /* HomeViewModel.swift in Sources */ = {isa = PBXBuildFile; fileRef = 83273AED2984306B006FA87C /* HomeViewModel.swift */; };
		83273AF02984310E006FA87C /* HomeViewUiState.swift in Sources */ = {isa = PBXBuildFile; fileRef = 83273AEF2984310E006FA87C /* HomeViewUiState.swift */; };
		8370C21A2980360B00559998 /* HomeView.swift in Sources */ = {isa = PBXBuildFile; fileRef = 8370C2192980360B00559998 /* HomeView.swift */; };
		8370C21C29803BD100559998 /* ImagePicker.swift in Sources */ = {isa = PBXBuildFile; fileRef = 8370C21B29803BD100559998 /* ImagePicker.swift */; };
		83C439DF29868F0C00DA1425 /* RecognizeText.swift in Sources */ = {isa = PBXBuildFile; fileRef = 83C439DE29868F0C00DA1425 /* RecognizeText.swift */; };
		83C439E42986A44000DA1425 /* SeedCardView.swift in Sources */ = {isa = PBXBuildFile; fileRef = 83C439E32986A44000DA1425 /* SeedCardView.swift */; };
		83C439E62986CCE100DA1425 /* PositionCardView.swift in Sources */ = {isa = PBXBuildFile; fileRef = 83C439E52986CCE100DA1425 /* PositionCardView.swift */; };
		83E74B2B292E315600FA1F46 /* ios_archiApp.swift in Sources */ = {isa = PBXBuildFile; fileRef = 83E74B2A292E315600FA1F46 /* ios_archiApp.swift */; };
		83E74B2D292E315600FA1F46 /* ContentView.swift in Sources */ = {isa = PBXBuildFile; fileRef = 83E74B2C292E315600FA1F46 /* ContentView.swift */; };
		83E74B2F292E315D00FA1F46 /* Assets.xcassets in Resources */ = {isa = PBXBuildFile; fileRef = 83E74B2E292E315D00FA1F46 /* Assets.xcassets */; };
		83E74B32292E315D00FA1F46 /* Preview Assets.xcassets in Resources */ = {isa = PBXBuildFile; fileRef = 83E74B31292E315D00FA1F46 /* Preview Assets.xcassets */; };
		83E74B3C292E315D00FA1F46 /* ios_archiTests.swift in Sources */ = {isa = PBXBuildFile; fileRef = 83E74B3B292E315D00FA1F46 /* ios_archiTests.swift */; };
		83E74B46292E315D00FA1F46 /* ios_archiUITests.swift in Sources */ = {isa = PBXBuildFile; fileRef = 83E74B45292E315D00FA1F46 /* ios_archiUITests.swift */; };
		83E74B48292E315D00FA1F46 /* ios_archiUITestsLaunchTests.swift in Sources */ = {isa = PBXBuildFile; fileRef = 83E74B47292E315D00FA1F46 /* ios_archiUITestsLaunchTests.swift */; };
		970AE8FB298444C700BECFA6 /* PositionRepository.swift in Sources */ = {isa = PBXBuildFile; fileRef = 970AE8FA298444C700BECFA6 /* PositionRepository.swift */; };
		970AE8FE2984533A00BECFA6 /* Position.swift in Sources */ = {isa = PBXBuildFile; fileRef = 970AE8FD2984533A00BECFA6 /* Position.swift */; };
		975204FF2987532700115D00 /* OutlineButton.swift in Sources */ = {isa = PBXBuildFile; fileRef = 975204FE2987532700115D00 /* OutlineButton.swift */; };
		975960CC29817E3200B42FB3 /* RecognizeTextRequest.swift in Sources */ = {isa = PBXBuildFile; fileRef = 975960CB29817E3200B42FB3 /* RecognizeTextRequest.swift */; };
		975960CE2981974D00B42FB3 /* WebView.swift in Sources */ = {isa = PBXBuildFile; fileRef = 975960CD2981974D00B42FB3 /* WebView.swift */; };
		975960D0298197F100B42FB3 /* BiomeFinderView.swift in Sources */ = {isa = PBXBuildFile; fileRef = 975960CF298197F100B42FB3 /* BiomeFinderView.swift */; };
		975960D329819BD500B42FB3 /* CGImagePropertyOrientation+Extension.swift in Sources */ = {isa = PBXBuildFile; fileRef = 975960D229819BD500B42FB3 /* CGImagePropertyOrientation+Extension.swift */; };
		97976371298599EB00EB4DB6 /* SeedRepository.swift in Sources */ = {isa = PBXBuildFile; fileRef = 97976370298599EB00EB4DB6 /* SeedRepository.swift */; };
		979763732985A10500EB4DB6 /* Seed.swift in Sources */ = {isa = PBXBuildFile; fileRef = 979763722985A10500EB4DB6 /* Seed.swift */; };
		BEA1EFCA1D8B2AE3E57FF011 /* Pods_ios_archi_ios_archiUITests.framework in Frameworks */ = {isa = PBXBuildFile; fileRef = A40AA8A53CC603C2620ADD73 /* Pods_ios_archi_ios_archiUITests.framework */; };
		E8723E109570D659B1D5DDFF /* Pods_ios_archiTests.framework in Frameworks */ = {isa = PBXBuildFile; fileRef = A3A5AE0F226689BAD58D9569 /* Pods_ios_archiTests.framework */; };
/* End PBXBuildFile section */

/* Begin PBXContainerItemProxy section */
		83E74B38292E315D00FA1F46 /* PBXContainerItemProxy */ = {
			isa = PBXContainerItemProxy;
			containerPortal = 83E74B1F292E315600FA1F46 /* Project object */;
			proxyType = 1;
			remoteGlobalIDString = 83E74B26292E315600FA1F46;
			remoteInfo = "ios-archi";
		};
		83E74B42292E315D00FA1F46 /* PBXContainerItemProxy */ = {
			isa = PBXContainerItemProxy;
			containerPortal = 83E74B1F292E315600FA1F46 /* Project object */;
			proxyType = 1;
			remoteGlobalIDString = 83E74B26292E315600FA1F46;
			remoteInfo = "ios-archi";
		};
/* End PBXContainerItemProxy section */

/* Begin PBXFileReference section */
		08E149C8145BD24E276272A1 /* Pods-ios-archi-ios-archiUITests.release.xcconfig */ = {isa = PBXFileReference; includeInIndex = 1; lastKnownFileType = text.xcconfig; name = "Pods-ios-archi-ios-archiUITests.release.xcconfig"; path = "Target Support Files/Pods-ios-archi-ios-archiUITests/Pods-ios-archi-ios-archiUITests.release.xcconfig"; sourceTree = "<group>"; };
		35F8154540A55F12D3F7B2B3 /* Pods-ios-archiTests.debug.xcconfig */ = {isa = PBXFileReference; includeInIndex = 1; lastKnownFileType = text.xcconfig; name = "Pods-ios-archiTests.debug.xcconfig"; path = "Target Support Files/Pods-ios-archiTests/Pods-ios-archiTests.debug.xcconfig"; sourceTree = "<group>"; };
		68DA763FD5EBDE3B2F2E05B9 /* Pods-ios-archiTests.release.xcconfig */ = {isa = PBXFileReference; includeInIndex = 1; lastKnownFileType = text.xcconfig; name = "Pods-ios-archiTests.release.xcconfig"; path = "Target Support Files/Pods-ios-archiTests/Pods-ios-archiTests.release.xcconfig"; sourceTree = "<group>"; };
		83273AED2984306B006FA87C /* HomeViewModel.swift */ = {isa = PBXFileReference; lastKnownFileType = sourcecode.swift; path = HomeViewModel.swift; sourceTree = "<group>"; };
		83273AEF2984310E006FA87C /* HomeViewUiState.swift */ = {isa = PBXFileReference; lastKnownFileType = sourcecode.swift; path = HomeViewUiState.swift; sourceTree = "<group>"; };
		8370C2192980360B00559998 /* HomeView.swift */ = {isa = PBXFileReference; lastKnownFileType = sourcecode.swift; path = HomeView.swift; sourceTree = "<group>"; };
		8370C21B29803BD100559998 /* ImagePicker.swift */ = {isa = PBXFileReference; lastKnownFileType = sourcecode.swift; path = ImagePicker.swift; sourceTree = "<group>"; };
		83C439DE29868F0C00DA1425 /* RecognizeText.swift */ = {isa = PBXFileReference; lastKnownFileType = sourcecode.swift; path = RecognizeText.swift; sourceTree = "<group>"; };
		83C439E32986A44000DA1425 /* SeedCardView.swift */ = {isa = PBXFileReference; lastKnownFileType = sourcecode.swift; path = SeedCardView.swift; sourceTree = "<group>"; };
		83C439E52986CCE100DA1425 /* PositionCardView.swift */ = {isa = PBXFileReference; lastKnownFileType = sourcecode.swift; path = PositionCardView.swift; sourceTree = "<group>"; };
		83E74B27292E315600FA1F46 /* ios-archi.app */ = {isa = PBXFileReference; explicitFileType = wrapper.application; includeInIndex = 0; path = "ios-archi.app"; sourceTree = BUILT_PRODUCTS_DIR; };
		83E74B2A292E315600FA1F46 /* ios_archiApp.swift */ = {isa = PBXFileReference; lastKnownFileType = sourcecode.swift; path = ios_archiApp.swift; sourceTree = "<group>"; };
		83E74B2C292E315600FA1F46 /* ContentView.swift */ = {isa = PBXFileReference; lastKnownFileType = sourcecode.swift; path = ContentView.swift; sourceTree = "<group>"; };
		83E74B2E292E315D00FA1F46 /* Assets.xcassets */ = {isa = PBXFileReference; lastKnownFileType = folder.assetcatalog; path = Assets.xcassets; sourceTree = "<group>"; };
		83E74B31292E315D00FA1F46 /* Preview Assets.xcassets */ = {isa = PBXFileReference; lastKnownFileType = folder.assetcatalog; path = "Preview Assets.xcassets"; sourceTree = "<group>"; };
		83E74B37292E315D00FA1F46 /* ios-archiTests.xctest */ = {isa = PBXFileReference; explicitFileType = wrapper.cfbundle; includeInIndex = 0; path = "ios-archiTests.xctest"; sourceTree = BUILT_PRODUCTS_DIR; };
		83E74B3B292E315D00FA1F46 /* ios_archiTests.swift */ = {isa = PBXFileReference; lastKnownFileType = sourcecode.swift; path = ios_archiTests.swift; sourceTree = "<group>"; };
		83E74B41292E315D00FA1F46 /* ios-archiUITests.xctest */ = {isa = PBXFileReference; explicitFileType = wrapper.cfbundle; includeInIndex = 0; path = "ios-archiUITests.xctest"; sourceTree = BUILT_PRODUCTS_DIR; };
		83E74B45292E315D00FA1F46 /* ios_archiUITests.swift */ = {isa = PBXFileReference; lastKnownFileType = sourcecode.swift; path = ios_archiUITests.swift; sourceTree = "<group>"; };
		83E74B47292E315D00FA1F46 /* ios_archiUITestsLaunchTests.swift */ = {isa = PBXFileReference; lastKnownFileType = sourcecode.swift; path = ios_archiUITestsLaunchTests.swift; sourceTree = "<group>"; };
		970AE8FA298444C700BECFA6 /* PositionRepository.swift */ = {isa = PBXFileReference; lastKnownFileType = sourcecode.swift; path = PositionRepository.swift; sourceTree = "<group>"; };
		970AE8FD2984533A00BECFA6 /* Position.swift */ = {isa = PBXFileReference; lastKnownFileType = sourcecode.swift; path = Position.swift; sourceTree = "<group>"; };
		975204FE2987532700115D00 /* OutlineButton.swift */ = {isa = PBXFileReference; fileEncoding = 4; lastKnownFileType = sourcecode.swift; path = OutlineButton.swift; sourceTree = "<group>"; };
		975960CB29817E3200B42FB3 /* RecognizeTextRequest.swift */ = {isa = PBXFileReference; lastKnownFileType = sourcecode.swift; path = RecognizeTextRequest.swift; sourceTree = "<group>"; };
		975960CD2981974D00B42FB3 /* WebView.swift */ = {isa = PBXFileReference; lastKnownFileType = sourcecode.swift; path = WebView.swift; sourceTree = "<group>"; };
		975960CF298197F100B42FB3 /* BiomeFinderView.swift */ = {isa = PBXFileReference; lastKnownFileType = sourcecode.swift; path = BiomeFinderView.swift; sourceTree = "<group>"; };
		975960D229819BD500B42FB3 /* CGImagePropertyOrientation+Extension.swift */ = {isa = PBXFileReference; lastKnownFileType = sourcecode.swift; path = "CGImagePropertyOrientation+Extension.swift"; sourceTree = "<group>"; };
		97976370298599EB00EB4DB6 /* SeedRepository.swift */ = {isa = PBXFileReference; lastKnownFileType = sourcecode.swift; path = SeedRepository.swift; sourceTree = "<group>"; };
		979763722985A10500EB4DB6 /* Seed.swift */ = {isa = PBXFileReference; lastKnownFileType = sourcecode.swift; path = Seed.swift; sourceTree = "<group>"; };
		9E85D4EC07157B92B3666F2C /* Pods-ios-archi.release.xcconfig */ = {isa = PBXFileReference; includeInIndex = 1; lastKnownFileType = text.xcconfig; name = "Pods-ios-archi.release.xcconfig"; path = "Target Support Files/Pods-ios-archi/Pods-ios-archi.release.xcconfig"; sourceTree = "<group>"; };
		A3A5AE0F226689BAD58D9569 /* Pods_ios_archiTests.framework */ = {isa = PBXFileReference; explicitFileType = wrapper.framework; includeInIndex = 0; path = Pods_ios_archiTests.framework; sourceTree = BUILT_PRODUCTS_DIR; };
		A40AA8A53CC603C2620ADD73 /* Pods_ios_archi_ios_archiUITests.framework */ = {isa = PBXFileReference; explicitFileType = wrapper.framework; includeInIndex = 0; path = Pods_ios_archi_ios_archiUITests.framework; sourceTree = BUILT_PRODUCTS_DIR; };
		AF2259DC3A322691802325EF /* Pods-ios-archi-ios-archiUITests.debug.xcconfig */ = {isa = PBXFileReference; includeInIndex = 1; lastKnownFileType = text.xcconfig; name = "Pods-ios-archi-ios-archiUITests.debug.xcconfig"; path = "Target Support Files/Pods-ios-archi-ios-archiUITests/Pods-ios-archi-ios-archiUITests.debug.xcconfig"; sourceTree = "<group>"; };
		D74C31526259A4A8B52B2B13 /* Pods_ios_archi.framework */ = {isa = PBXFileReference; explicitFileType = wrapper.framework; includeInIndex = 0; path = Pods_ios_archi.framework; sourceTree = BUILT_PRODUCTS_DIR; };
		FB51ACCBE9CAA38BC016E2A4 /* Pods-ios-archi.debug.xcconfig */ = {isa = PBXFileReference; includeInIndex = 1; lastKnownFileType = text.xcconfig; name = "Pods-ios-archi.debug.xcconfig"; path = "Target Support Files/Pods-ios-archi/Pods-ios-archi.debug.xcconfig"; sourceTree = "<group>"; };
/* End PBXFileReference section */

/* Begin PBXFrameworksBuildPhase section */
		83E74B24292E315600FA1F46 /* Frameworks */ = {
			isa = PBXFrameworksBuildPhase;
			buildActionMask = 2147483647;
			files = (
				351C6CF987F10AE0357A4265 /* Pods_ios_archi.framework in Frameworks */,
			);
			runOnlyForDeploymentPostprocessing = 0;
		};
		83E74B34292E315D00FA1F46 /* Frameworks */ = {
			isa = PBXFrameworksBuildPhase;
			buildActionMask = 2147483647;
			files = (
				E8723E109570D659B1D5DDFF /* Pods_ios_archiTests.framework in Frameworks */,
			);
			runOnlyForDeploymentPostprocessing = 0;
		};
		83E74B3E292E315D00FA1F46 /* Frameworks */ = {
			isa = PBXFrameworksBuildPhase;
			buildActionMask = 2147483647;
			files = (
				BEA1EFCA1D8B2AE3E57FF011 /* Pods_ios_archi_ios_archiUITests.framework in Frameworks */,
			);
			runOnlyForDeploymentPostprocessing = 0;
		};
/* End PBXFrameworksBuildPhase section */

/* Begin PBXGroup section */
		83273AEC2984305B006FA87C /* Home */ = {
			isa = PBXGroup;
			children = (
				8370C2192980360B00559998 /* HomeView.swift */,
				83273AED2984306B006FA87C /* HomeViewModel.swift */,
				83273AEF2984310E006FA87C /* HomeViewUiState.swift */,
			);
			path = Home;
			sourceTree = "<group>";
		};
		83C439E72986D20400DA1425 /* Card */ = {
			isa = PBXGroup;
			children = (
				83C439E32986A44000DA1425 /* SeedCardView.swift */,
				83C439E52986CCE100DA1425 /* PositionCardView.swift */,
			);
			path = Card;
			sourceTree = "<group>";
		};
		83E74B1E292E315600FA1F46 = {
			isa = PBXGroup;
			children = (
				83E74B29292E315600FA1F46 /* ios-archi */,
				83E74B3A292E315D00FA1F46 /* ios-archiTests */,
				83E74B44292E315D00FA1F46 /* ios-archiUITests */,
				83E74B28292E315600FA1F46 /* Products */,
				BB574B556498B3435500FC79 /* Pods */,
				DF99ECBECFE82D436A431575 /* Frameworks */,
			);
			sourceTree = "<group>";
		};
		83E74B28292E315600FA1F46 /* Products */ = {
			isa = PBXGroup;
			children = (
				83E74B27292E315600FA1F46 /* ios-archi.app */,
				83E74B37292E315D00FA1F46 /* ios-archiTests.xctest */,
				83E74B41292E315D00FA1F46 /* ios-archiUITests.xctest */,
			);
			name = Products;
			sourceTree = "<group>";
		};
		83E74B29292E315600FA1F46 /* ios-archi */ = {
			isa = PBXGroup;
			children = (
				975204FD2987532700115D00 /* Style */,
				970AE8FC2984532700BECFA6 /* Model */,
				975960D129819BC800B42FB3 /* Extension */,
				975960CA29817E2300B42FB3 /* Data */,
				83E74B55292E354200FA1F46 /* UI */,
				83E74B2A292E315600FA1F46 /* ios_archiApp.swift */,
				83E74B2C292E315600FA1F46 /* ContentView.swift */,
				83E74B2E292E315D00FA1F46 /* Assets.xcassets */,
				83E74B30292E315D00FA1F46 /* Preview Content */,
			);
			path = "ios-archi";
			sourceTree = "<group>";
		};
		83E74B30292E315D00FA1F46 /* Preview Content */ = {
			isa = PBXGroup;
			children = (
				83E74B31292E315D00FA1F46 /* Preview Assets.xcassets */,
			);
			path = "Preview Content";
			sourceTree = "<group>";
		};
		83E74B3A292E315D00FA1F46 /* ios-archiTests */ = {
			isa = PBXGroup;
			children = (
				83E74B3B292E315D00FA1F46 /* ios_archiTests.swift */,
			);
			path = "ios-archiTests";
			sourceTree = "<group>";
		};
		83E74B44292E315D00FA1F46 /* ios-archiUITests */ = {
			isa = PBXGroup;
			children = (
				83E74B45292E315D00FA1F46 /* ios_archiUITests.swift */,
				83E74B47292E315D00FA1F46 /* ios_archiUITestsLaunchTests.swift */,
			);
			path = "ios-archiUITests";
			sourceTree = "<group>";
		};
		83E74B55292E354200FA1F46 /* UI */ = {
			isa = PBXGroup;
			children = (
				83C439E72986D20400DA1425 /* Card */,
				83273AEC2984305B006FA87C /* Home */,
				8370C21B29803BD100559998 /* ImagePicker.swift */,
				975960CD2981974D00B42FB3 /* WebView.swift */,
				975960CF298197F100B42FB3 /* BiomeFinderView.swift */,
			);
			path = UI;
			sourceTree = "<group>";
		};
		970AE8FC2984532700BECFA6 /* Model */ = {
			isa = PBXGroup;
			children = (
				970AE8FD2984533A00BECFA6 /* Position.swift */,
				979763722985A10500EB4DB6 /* Seed.swift */,
			);
			path = Model;
			sourceTree = "<group>";
		};
		975204FD2987532700115D00 /* Style */ = {
			isa = PBXGroup;
			children = (
				975204FE2987532700115D00 /* OutlineButton.swift */,
			);
			path = Style;
			sourceTree = "<group>";
		};
		975960CA29817E2300B42FB3 /* Data */ = {
			isa = PBXGroup;
			children = (
				83C439DE29868F0C00DA1425 /* RecognizeText.swift */,
				975960CB29817E3200B42FB3 /* RecognizeTextRequest.swift */,
				970AE8FA298444C700BECFA6 /* PositionRepository.swift */,
				97976370298599EB00EB4DB6 /* SeedRepository.swift */,
			);
			path = Data;
			sourceTree = "<group>";
		};
		975960D129819BC800B42FB3 /* Extension */ = {
			isa = PBXGroup;
			children = (
				975960D229819BD500B42FB3 /* CGImagePropertyOrientation+Extension.swift */,
			);
			path = Extension;
			sourceTree = "<group>";
		};
		BB574B556498B3435500FC79 /* Pods */ = {
			isa = PBXGroup;
			children = (
				FB51ACCBE9CAA38BC016E2A4 /* Pods-ios-archi.debug.xcconfig */,
				9E85D4EC07157B92B3666F2C /* Pods-ios-archi.release.xcconfig */,
				AF2259DC3A322691802325EF /* Pods-ios-archi-ios-archiUITests.debug.xcconfig */,
				08E149C8145BD24E276272A1 /* Pods-ios-archi-ios-archiUITests.release.xcconfig */,
				35F8154540A55F12D3F7B2B3 /* Pods-ios-archiTests.debug.xcconfig */,
				68DA763FD5EBDE3B2F2E05B9 /* Pods-ios-archiTests.release.xcconfig */,
			);
			path = Pods;
			sourceTree = "<group>";
		};
		DF99ECBECFE82D436A431575 /* Frameworks */ = {
			isa = PBXGroup;
			children = (
				D74C31526259A4A8B52B2B13 /* Pods_ios_archi.framework */,
				A40AA8A53CC603C2620ADD73 /* Pods_ios_archi_ios_archiUITests.framework */,
				A3A5AE0F226689BAD58D9569 /* Pods_ios_archiTests.framework */,
			);
			name = Frameworks;
			sourceTree = "<group>";
		};
/* End PBXGroup section */

/* Begin PBXNativeTarget section */
		83E74B26292E315600FA1F46 /* ios-archi */ = {
			isa = PBXNativeTarget;
			buildConfigurationList = 83E74B4B292E315D00FA1F46 /* Build configuration list for PBXNativeTarget "ios-archi" */;
			buildPhases = (
				8C0A583C1902CE216094A872 /* [CP] Check Pods Manifest.lock */,
				83E74B23292E315600FA1F46 /* Sources */,
				83E74B24292E315600FA1F46 /* Frameworks */,
				83E74B25292E315600FA1F46 /* Resources */,
				83C439DC2986807600DA1425 /* SwiftFormat */,
				83C439DD298680AA00DA1425 /* SwiftLint */,
			);
			buildRules = (
			);
			dependencies = (
			);
			name = "ios-archi";
			productName = "ios-archi";
			productReference = 83E74B27292E315600FA1F46 /* ios-archi.app */;
			productType = "com.apple.product-type.application";
		};
		83E74B36292E315D00FA1F46 /* ios-archiTests */ = {
			isa = PBXNativeTarget;
			buildConfigurationList = 83E74B4E292E315D00FA1F46 /* Build configuration list for PBXNativeTarget "ios-archiTests" */;
			buildPhases = (
				4A127C1CF7AF59E491C68D2C /* [CP] Check Pods Manifest.lock */,
				83E74B33292E315D00FA1F46 /* Sources */,
				83E74B34292E315D00FA1F46 /* Frameworks */,
				83E74B35292E315D00FA1F46 /* Resources */,
			);
			buildRules = (
			);
			dependencies = (
				83E74B39292E315D00FA1F46 /* PBXTargetDependency */,
			);
			name = "ios-archiTests";
			productName = "ios-archiTests";
			productReference = 83E74B37292E315D00FA1F46 /* ios-archiTests.xctest */;
			productType = "com.apple.product-type.bundle.unit-test";
		};
		83E74B40292E315D00FA1F46 /* ios-archiUITests */ = {
			isa = PBXNativeTarget;
			buildConfigurationList = 83E74B51292E315D00FA1F46 /* Build configuration list for PBXNativeTarget "ios-archiUITests" */;
			buildPhases = (
				D18F4AF4A7D596A2BFDCFE7E /* [CP] Check Pods Manifest.lock */,
				83E74B3D292E315D00FA1F46 /* Sources */,
				83E74B3E292E315D00FA1F46 /* Frameworks */,
				83E74B3F292E315D00FA1F46 /* Resources */,
			);
			buildRules = (
			);
			dependencies = (
				83E74B43292E315D00FA1F46 /* PBXTargetDependency */,
			);
			name = "ios-archiUITests";
			productName = "ios-archiUITests";
			productReference = 83E74B41292E315D00FA1F46 /* ios-archiUITests.xctest */;
			productType = "com.apple.product-type.bundle.ui-testing";
		};
/* End PBXNativeTarget section */

/* Begin PBXProject section */
		83E74B1F292E315600FA1F46 /* Project object */ = {
			isa = PBXProject;
			attributes = {
				BuildIndependentTargetsInParallel = 1;
				LastSwiftUpdateCheck = 1340;
				LastUpgradeCheck = 1340;
				TargetAttributes = {
					83E74B26292E315600FA1F46 = {
						CreatedOnToolsVersion = 13.4.1;
					};
					83E74B36292E315D00FA1F46 = {
						CreatedOnToolsVersion = 13.4.1;
						TestTargetID = 83E74B26292E315600FA1F46;
					};
					83E74B40292E315D00FA1F46 = {
						CreatedOnToolsVersion = 13.4.1;
						TestTargetID = 83E74B26292E315600FA1F46;
					};
				};
			};
			buildConfigurationList = 83E74B22292E315600FA1F46 /* Build configuration list for PBXProject "ios-archi" */;
			compatibilityVersion = "Xcode 13.0";
			developmentRegion = en;
			hasScannedForEncodings = 0;
			knownRegions = (
				en,
				Base,
			);
			mainGroup = 83E74B1E292E315600FA1F46;
			productRefGroup = 83E74B28292E315600FA1F46 /* Products */;
			projectDirPath = "";
			projectRoot = "";
			targets = (
				83E74B26292E315600FA1F46 /* ios-archi */,
				83E74B36292E315D00FA1F46 /* ios-archiTests */,
				83E74B40292E315D00FA1F46 /* ios-archiUITests */,
			);
		};
/* End PBXProject section */

/* Begin PBXResourcesBuildPhase section */
		83E74B25292E315600FA1F46 /* Resources */ = {
			isa = PBXResourcesBuildPhase;
			buildActionMask = 2147483647;
			files = (
				83E74B32292E315D00FA1F46 /* Preview Assets.xcassets in Resources */,
				83E74B2F292E315D00FA1F46 /* Assets.xcassets in Resources */,
			);
			runOnlyForDeploymentPostprocessing = 0;
		};
		83E74B35292E315D00FA1F46 /* Resources */ = {
			isa = PBXResourcesBuildPhase;
			buildActionMask = 2147483647;
			files = (
			);
			runOnlyForDeploymentPostprocessing = 0;
		};
		83E74B3F292E315D00FA1F46 /* Resources */ = {
			isa = PBXResourcesBuildPhase;
			buildActionMask = 2147483647;
			files = (
			);
			runOnlyForDeploymentPostprocessing = 0;
		};
/* End PBXResourcesBuildPhase section */

/* Begin PBXShellScriptBuildPhase section */
		4A127C1CF7AF59E491C68D2C /* [CP] Check Pods Manifest.lock */ = {
			isa = PBXShellScriptBuildPhase;
			buildActionMask = 2147483647;
			files = (
			);
			inputFileListPaths = (
			);
			inputPaths = (
				"${PODS_PODFILE_DIR_PATH}/Podfile.lock",
				"${PODS_ROOT}/Manifest.lock",
			);
			name = "[CP] Check Pods Manifest.lock";
			outputFileListPaths = (
			);
			outputPaths = (
				"$(DERIVED_FILE_DIR)/Pods-ios-archiTests-checkManifestLockResult.txt",
			);
			runOnlyForDeploymentPostprocessing = 0;
			shellPath = /bin/sh;
			shellScript = "diff \"${PODS_PODFILE_DIR_PATH}/Podfile.lock\" \"${PODS_ROOT}/Manifest.lock\" > /dev/null\nif [ $? != 0 ] ; then\n    # print error to STDERR\n    echo \"error: The sandbox is not in sync with the Podfile.lock. Run 'pod install' or update your CocoaPods installation.\" >&2\n    exit 1\nfi\n# This output is used by Xcode 'outputs' to avoid re-running this script phase.\necho \"SUCCESS\" > \"${SCRIPT_OUTPUT_FILE_0}\"\n";
			showEnvVarsInLog = 0;
		};
		83C439DC2986807600DA1425 /* SwiftFormat */ = {
			isa = PBXShellScriptBuildPhase;
			buildActionMask = 2147483647;
			files = (
			);
			inputFileListPaths = (
			);
			inputPaths = (
			);
			name = SwiftFormat;
			outputFileListPaths = (
			);
			outputPaths = (
			);
			runOnlyForDeploymentPostprocessing = 0;
			shellPath = /bin/sh;
			shellScript = "\"${PODS_ROOT}/SwiftFormat/CommandLineTool/swiftformat\" \"$SRCROOT\"\n";
		};
		83C439DD298680AA00DA1425 /* SwiftLint */ = {
			isa = PBXShellScriptBuildPhase;
			buildActionMask = 2147483647;
			files = (
			);
			inputFileListPaths = (
			);
			inputPaths = (
			);
			name = SwiftLint;
			outputFileListPaths = (
			);
			outputPaths = (
			);
			runOnlyForDeploymentPostprocessing = 0;
			shellPath = /bin/sh;
			shellScript = "\"${PODS_ROOT}/SwiftLint/swiftlint\"\n";
		};
		8C0A583C1902CE216094A872 /* [CP] Check Pods Manifest.lock */ = {
			isa = PBXShellScriptBuildPhase;
			buildActionMask = 2147483647;
			files = (
			);
			inputFileListPaths = (
			);
			inputPaths = (
				"${PODS_PODFILE_DIR_PATH}/Podfile.lock",
				"${PODS_ROOT}/Manifest.lock",
			);
			name = "[CP] Check Pods Manifest.lock";
			outputFileListPaths = (
			);
			outputPaths = (
				"$(DERIVED_FILE_DIR)/Pods-ios-archi-checkManifestLockResult.txt",
			);
			runOnlyForDeploymentPostprocessing = 0;
			shellPath = /bin/sh;
			shellScript = "diff \"${PODS_PODFILE_DIR_PATH}/Podfile.lock\" \"${PODS_ROOT}/Manifest.lock\" > /dev/null\nif [ $? != 0 ] ; then\n    # print error to STDERR\n    echo \"error: The sandbox is not in sync with the Podfile.lock. Run 'pod install' or update your CocoaPods installation.\" >&2\n    exit 1\nfi\n# This output is used by Xcode 'outputs' to avoid re-running this script phase.\necho \"SUCCESS\" > \"${SCRIPT_OUTPUT_FILE_0}\"\n";
			showEnvVarsInLog = 0;
		};
		D18F4AF4A7D596A2BFDCFE7E /* [CP] Check Pods Manifest.lock */ = {
			isa = PBXShellScriptBuildPhase;
			buildActionMask = 2147483647;
			files = (
			);
			inputFileListPaths = (
			);
			inputPaths = (
				"${PODS_PODFILE_DIR_PATH}/Podfile.lock",
				"${PODS_ROOT}/Manifest.lock",
			);
			name = "[CP] Check Pods Manifest.lock";
			outputFileListPaths = (
			);
			outputPaths = (
				"$(DERIVED_FILE_DIR)/Pods-ios-archi-ios-archiUITests-checkManifestLockResult.txt",
			);
			runOnlyForDeploymentPostprocessing = 0;
			shellPath = /bin/sh;
			shellScript = "diff \"${PODS_PODFILE_DIR_PATH}/Podfile.lock\" \"${PODS_ROOT}/Manifest.lock\" > /dev/null\nif [ $? != 0 ] ; then\n    # print error to STDERR\n    echo \"error: The sandbox is not in sync with the Podfile.lock. Run 'pod install' or update your CocoaPods installation.\" >&2\n    exit 1\nfi\n# This output is used by Xcode 'outputs' to avoid re-running this script phase.\necho \"SUCCESS\" > \"${SCRIPT_OUTPUT_FILE_0}\"\n";
			showEnvVarsInLog = 0;
		};
/* End PBXShellScriptBuildPhase section */

/* Begin PBXSourcesBuildPhase section */
		83E74B23292E315600FA1F46 /* Sources */ = {
			isa = PBXSourcesBuildPhase;
			buildActionMask = 2147483647;
			files = (
				975960CC29817E3200B42FB3 /* RecognizeTextRequest.swift in Sources */,
				97976371298599EB00EB4DB6 /* SeedRepository.swift in Sources */,
				83E74B2D292E315600FA1F46 /* ContentView.swift in Sources */,
				83C439E62986CCE100DA1425 /* PositionCardView.swift in Sources */,
				970AE8FE2984533A00BECFA6 /* Position.swift in Sources */,
				979763732985A10500EB4DB6 /* Seed.swift in Sources */,
				975960D0298197F100B42FB3 /* BiomeFinderView.swift in Sources */,
				83C439DF29868F0C00DA1425 /* RecognizeText.swift in Sources */,
				83E74B2B292E315600FA1F46 /* ios_archiApp.swift in Sources */,
				975960CE2981974D00B42FB3 /* WebView.swift in Sources */,
				975960D329819BD500B42FB3 /* CGImagePropertyOrientation+Extension.swift in Sources */,
				8370C21C29803BD100559998 /* ImagePicker.swift in Sources */,
				83273AEE2984306B006FA87C /* HomeViewModel.swift in Sources */,
				8370C21A2980360B00559998 /* HomeView.swift in Sources */,
				970AE8FB298444C700BECFA6 /* PositionRepository.swift in Sources */,
				975204FF2987532700115D00 /* OutlineButton.swift in Sources */,
				83C439E42986A44000DA1425 /* SeedCardView.swift in Sources */,
				83273AF02984310E006FA87C /* HomeViewUiState.swift in Sources */,
			);
			runOnlyForDeploymentPostprocessing = 0;
		};
		83E74B33292E315D00FA1F46 /* Sources */ = {
			isa = PBXSourcesBuildPhase;
			buildActionMask = 2147483647;
			files = (
				83E74B3C292E315D00FA1F46 /* ios_archiTests.swift in Sources */,
			);
			runOnlyForDeploymentPostprocessing = 0;
		};
		83E74B3D292E315D00FA1F46 /* Sources */ = {
			isa = PBXSourcesBuildPhase;
			buildActionMask = 2147483647;
			files = (
				83E74B48292E315D00FA1F46 /* ios_archiUITestsLaunchTests.swift in Sources */,
				83E74B46292E315D00FA1F46 /* ios_archiUITests.swift in Sources */,
			);
			runOnlyForDeploymentPostprocessing = 0;
		};
/* End PBXSourcesBuildPhase section */

/* Begin PBXTargetDependency section */
		83E74B39292E315D00FA1F46 /* PBXTargetDependency */ = {
			isa = PBXTargetDependency;
			target = 83E74B26292E315600FA1F46 /* ios-archi */;
			targetProxy = 83E74B38292E315D00FA1F46 /* PBXContainerItemProxy */;
		};
		83E74B43292E315D00FA1F46 /* PBXTargetDependency */ = {
			isa = PBXTargetDependency;
			target = 83E74B26292E315600FA1F46 /* ios-archi */;
			targetProxy = 83E74B42292E315D00FA1F46 /* PBXContainerItemProxy */;
		};
/* End PBXTargetDependency section */

/* Begin XCBuildConfiguration section */
		83E74B49292E315D00FA1F46 /* Debug */ = {
			isa = XCBuildConfiguration;
			buildSettings = {
				ALWAYS_SEARCH_USER_PATHS = NO;
				CLANG_ANALYZER_NONNULL = YES;
				CLANG_ANALYZER_NUMBER_OBJECT_CONVERSION = YES_AGGRESSIVE;
				CLANG_CXX_LANGUAGE_STANDARD = "gnu++17";
				CLANG_ENABLE_MODULES = YES;
				CLANG_ENABLE_OBJC_ARC = YES;
				CLANG_ENABLE_OBJC_WEAK = YES;
				CLANG_WARN_BLOCK_CAPTURE_AUTORELEASING = YES;
				CLANG_WARN_BOOL_CONVERSION = YES;
				CLANG_WARN_COMMA = YES;
				CLANG_WARN_CONSTANT_CONVERSION = YES;
				CLANG_WARN_DEPRECATED_OBJC_IMPLEMENTATIONS = YES;
				CLANG_WARN_DIRECT_OBJC_ISA_USAGE = YES_ERROR;
				CLANG_WARN_DOCUMENTATION_COMMENTS = YES;
				CLANG_WARN_EMPTY_BODY = YES;
				CLANG_WARN_ENUM_CONVERSION = YES;
				CLANG_WARN_INFINITE_RECURSION = YES;
				CLANG_WARN_INT_CONVERSION = YES;
				CLANG_WARN_NON_LITERAL_NULL_CONVERSION = YES;
				CLANG_WARN_OBJC_IMPLICIT_RETAIN_SELF = YES;
				CLANG_WARN_OBJC_LITERAL_CONVERSION = YES;
				CLANG_WARN_OBJC_ROOT_CLASS = YES_ERROR;
				CLANG_WARN_QUOTED_INCLUDE_IN_FRAMEWORK_HEADER = YES;
				CLANG_WARN_RANGE_LOOP_ANALYSIS = YES;
				CLANG_WARN_STRICT_PROTOTYPES = YES;
				CLANG_WARN_SUSPICIOUS_MOVE = YES;
				CLANG_WARN_UNGUARDED_AVAILABILITY = YES_AGGRESSIVE;
				CLANG_WARN_UNREACHABLE_CODE = YES;
				CLANG_WARN__DUPLICATE_METHOD_MATCH = YES;
				COPY_PHASE_STRIP = NO;
				DEBUG_INFORMATION_FORMAT = dwarf;
				ENABLE_STRICT_OBJC_MSGSEND = YES;
				ENABLE_TESTABILITY = YES;
				GCC_C_LANGUAGE_STANDARD = gnu11;
				GCC_DYNAMIC_NO_PIC = NO;
				GCC_NO_COMMON_BLOCKS = YES;
				GCC_OPTIMIZATION_LEVEL = 0;
				GCC_PREPROCESSOR_DEFINITIONS = (
					"DEBUG=1",
					"$(inherited)",
				);
				GCC_WARN_64_TO_32_BIT_CONVERSION = YES;
				GCC_WARN_ABOUT_RETURN_TYPE = YES_ERROR;
				GCC_WARN_UNDECLARED_SELECTOR = YES;
				GCC_WARN_UNINITIALIZED_AUTOS = YES_AGGRESSIVE;
				GCC_WARN_UNUSED_FUNCTION = YES;
				GCC_WARN_UNUSED_VARIABLE = YES;
				IPHONEOS_DEPLOYMENT_TARGET = 15.5;
				MTL_ENABLE_DEBUG_INFO = INCLUDE_SOURCE;
				MTL_FAST_MATH = YES;
				ONLY_ACTIVE_ARCH = YES;
				SDKROOT = iphoneos;
				SWIFT_ACTIVE_COMPILATION_CONDITIONS = DEBUG;
				SWIFT_OPTIMIZATION_LEVEL = "-Onone";
			};
			name = Debug;
		};
		83E74B4A292E315D00FA1F46 /* Release */ = {
			isa = XCBuildConfiguration;
			buildSettings = {
				ALWAYS_SEARCH_USER_PATHS = NO;
				CLANG_ANALYZER_NONNULL = YES;
				CLANG_ANALYZER_NUMBER_OBJECT_CONVERSION = YES_AGGRESSIVE;
				CLANG_CXX_LANGUAGE_STANDARD = "gnu++17";
				CLANG_ENABLE_MODULES = YES;
				CLANG_ENABLE_OBJC_ARC = YES;
				CLANG_ENABLE_OBJC_WEAK = YES;
				CLANG_WARN_BLOCK_CAPTURE_AUTORELEASING = YES;
				CLANG_WARN_BOOL_CONVERSION = YES;
				CLANG_WARN_COMMA = YES;
				CLANG_WARN_CONSTANT_CONVERSION = YES;
				CLANG_WARN_DEPRECATED_OBJC_IMPLEMENTATIONS = YES;
				CLANG_WARN_DIRECT_OBJC_ISA_USAGE = YES_ERROR;
				CLANG_WARN_DOCUMENTATION_COMMENTS = YES;
				CLANG_WARN_EMPTY_BODY = YES;
				CLANG_WARN_ENUM_CONVERSION = YES;
				CLANG_WARN_INFINITE_RECURSION = YES;
				CLANG_WARN_INT_CONVERSION = YES;
				CLANG_WARN_NON_LITERAL_NULL_CONVERSION = YES;
				CLANG_WARN_OBJC_IMPLICIT_RETAIN_SELF = YES;
				CLANG_WARN_OBJC_LITERAL_CONVERSION = YES;
				CLANG_WARN_OBJC_ROOT_CLASS = YES_ERROR;
				CLANG_WARN_QUOTED_INCLUDE_IN_FRAMEWORK_HEADER = YES;
				CLANG_WARN_RANGE_LOOP_ANALYSIS = YES;
				CLANG_WARN_STRICT_PROTOTYPES = YES;
				CLANG_WARN_SUSPICIOUS_MOVE = YES;
				CLANG_WARN_UNGUARDED_AVAILABILITY = YES_AGGRESSIVE;
				CLANG_WARN_UNREACHABLE_CODE = YES;
				CLANG_WARN__DUPLICATE_METHOD_MATCH = YES;
				COPY_PHASE_STRIP = NO;
				DEBUG_INFORMATION_FORMAT = "dwarf-with-dsym";
				ENABLE_NS_ASSERTIONS = NO;
				ENABLE_STRICT_OBJC_MSGSEND = YES;
				GCC_C_LANGUAGE_STANDARD = gnu11;
				GCC_NO_COMMON_BLOCKS = YES;
				GCC_WARN_64_TO_32_BIT_CONVERSION = YES;
				GCC_WARN_ABOUT_RETURN_TYPE = YES_ERROR;
				GCC_WARN_UNDECLARED_SELECTOR = YES;
				GCC_WARN_UNINITIALIZED_AUTOS = YES_AGGRESSIVE;
				GCC_WARN_UNUSED_FUNCTION = YES;
				GCC_WARN_UNUSED_VARIABLE = YES;
				IPHONEOS_DEPLOYMENT_TARGET = 15.5;
				MTL_ENABLE_DEBUG_INFO = NO;
				MTL_FAST_MATH = YES;
				SDKROOT = iphoneos;
				SWIFT_COMPILATION_MODE = wholemodule;
				SWIFT_OPTIMIZATION_LEVEL = "-O";
				VALIDATE_PRODUCT = YES;
			};
			name = Release;
		};
		83E74B4C292E315D00FA1F46 /* Debug */ = {
			isa = XCBuildConfiguration;
			baseConfigurationReference = FB51ACCBE9CAA38BC016E2A4 /* Pods-ios-archi.debug.xcconfig */;
			buildSettings = {
				ASSETCATALOG_COMPILER_APPICON_NAME = AppIcon;
				ASSETCATALOG_COMPILER_GLOBAL_ACCENT_COLOR_NAME = AccentColor;
				CODE_SIGN_STYLE = Manual;
				CURRENT_PROJECT_VERSION = 1;
				DEVELOPMENT_ASSET_PATHS = "\"ios-archi/Preview Content\"";
				DEVELOPMENT_TEAM = "";
				ENABLE_PREVIEWS = YES;
				GENERATE_INFOPLIST_FILE = YES;
				INFOPLIST_KEY_UIApplicationSceneManifest_Generation = YES;
				INFOPLIST_KEY_UIApplicationSupportsIndirectInputEvents = YES;
				INFOPLIST_KEY_UILaunchScreen_Generation = YES;
				INFOPLIST_KEY_UISupportedInterfaceOrientations_iPad = "UIInterfaceOrientationPortrait UIInterfaceOrientationPortraitUpsideDown UIInterfaceOrientationLandscapeLeft UIInterfaceOrientationLandscapeRight";
				INFOPLIST_KEY_UISupportedInterfaceOrientations_iPhone = "UIInterfaceOrientationPortrait UIInterfaceOrientationLandscapeLeft UIInterfaceOrientationLandscapeRight";
				IPHONEOS_DEPLOYMENT_TARGET = 14.0;
				LD_RUNPATH_SEARCH_PATHS = (
					"$(inherited)",
					"@executable_path/Frameworks",
				);
				MARKETING_VERSION = 1.0;
				PRODUCT_BUNDLE_IDENTIFIER = "com.runpany.archi.ios-archi";
				PRODUCT_NAME = "$(TARGET_NAME)";
				PROVISIONING_PROFILE_SPECIFIER = "";
				SWIFT_EMIT_LOC_STRINGS = YES;
				SWIFT_VERSION = 5.0;
				TARGETED_DEVICE_FAMILY = "1,2";
			};
			name = Debug;
		};
		83E74B4D292E315D00FA1F46 /* Release */ = {
			isa = XCBuildConfiguration;
			baseConfigurationReference = 9E85D4EC07157B92B3666F2C /* Pods-ios-archi.release.xcconfig */;
			buildSettings = {
				ASSETCATALOG_COMPILER_APPICON_NAME = AppIcon;
				ASSETCATALOG_COMPILER_GLOBAL_ACCENT_COLOR_NAME = AccentColor;
				CODE_SIGN_STYLE = Manual;
				CURRENT_PROJECT_VERSION = 1;
				DEVELOPMENT_ASSET_PATHS = "\"ios-archi/Preview Content\"";
				DEVELOPMENT_TEAM = "";
				ENABLE_PREVIEWS = YES;
				GENERATE_INFOPLIST_FILE = YES;
				INFOPLIST_KEY_UIApplicationSceneManifest_Generation = YES;
				INFOPLIST_KEY_UIApplicationSupportsIndirectInputEvents = YES;
				INFOPLIST_KEY_UILaunchScreen_Generation = YES;
				INFOPLIST_KEY_UISupportedInterfaceOrientations_iPad = "UIInterfaceOrientationPortrait UIInterfaceOrientationPortraitUpsideDown UIInterfaceOrientationLandscapeLeft UIInterfaceOrientationLandscapeRight";
				INFOPLIST_KEY_UISupportedInterfaceOrientations_iPhone = "UIInterfaceOrientationPortrait UIInterfaceOrientationLandscapeLeft UIInterfaceOrientationLandscapeRight";
				IPHONEOS_DEPLOYMENT_TARGET = 14.0;
				LD_RUNPATH_SEARCH_PATHS = (
					"$(inherited)",
					"@executable_path/Frameworks",
				);
				MARKETING_VERSION = 1.0;
				PRODUCT_BUNDLE_IDENTIFIER = "com.runpany.archi.ios-archi";
				PRODUCT_NAME = "$(TARGET_NAME)";
				PROVISIONING_PROFILE_SPECIFIER = "";
				SWIFT_EMIT_LOC_STRINGS = YES;
				SWIFT_VERSION = 5.0;
				TARGETED_DEVICE_FAMILY = "1,2";
			};
			name = Release;
		};
		83E74B4F292E315D00FA1F46 /* Debug */ = {
			isa = XCBuildConfiguration;
			baseConfigurationReference = 35F8154540A55F12D3F7B2B3 /* Pods-ios-archiTests.debug.xcconfig */;
			buildSettings = {
				ALWAYS_EMBED_SWIFT_STANDARD_LIBRARIES = "$(inherited)";
				BUNDLE_LOADER = "$(TEST_HOST)";
				CODE_SIGN_STYLE = Manual;
				CURRENT_PROJECT_VERSION = 1;
				DEVELOPMENT_TEAM = "";
				GENERATE_INFOPLIST_FILE = YES;
				IPHONEOS_DEPLOYMENT_TARGET = 15.5;
				MARKETING_VERSION = 1.0;
				PRODUCT_BUNDLE_IDENTIFIER = "com.runpany.archi.ios-archiTests";
				PRODUCT_NAME = "$(TARGET_NAME)";
				PROVISIONING_PROFILE_SPECIFIER = "";
				SWIFT_EMIT_LOC_STRINGS = NO;
				SWIFT_VERSION = 5.0;
				TARGETED_DEVICE_FAMILY = "1,2";
				TEST_HOST = "$(BUILT_PRODUCTS_DIR)/ios-archi.app/ios-archi";
			};
			name = Debug;
		};
		83E74B50292E315D00FA1F46 /* Release */ = {
			isa = XCBuildConfiguration;
			baseConfigurationReference = 68DA763FD5EBDE3B2F2E05B9 /* Pods-ios-archiTests.release.xcconfig */;
			buildSettings = {
				ALWAYS_EMBED_SWIFT_STANDARD_LIBRARIES = "$(inherited)";
				BUNDLE_LOADER = "$(TEST_HOST)";
				CODE_SIGN_STYLE = Manual;
				CURRENT_PROJECT_VERSION = 1;
				DEVELOPMENT_TEAM = "";
				GENERATE_INFOPLIST_FILE = YES;
				IPHONEOS_DEPLOYMENT_TARGET = 15.5;
				MARKETING_VERSION = 1.0;
				PRODUCT_BUNDLE_IDENTIFIER = "com.runpany.archi.ios-archiTests";
				PRODUCT_NAME = "$(TARGET_NAME)";
				PROVISIONING_PROFILE_SPECIFIER = "";
				SWIFT_EMIT_LOC_STRINGS = NO;
				SWIFT_VERSION = 5.0;
				TARGETED_DEVICE_FAMILY = "1,2";
				TEST_HOST = "$(BUILT_PRODUCTS_DIR)/ios-archi.app/ios-archi";
			};
			name = Release;
		};
		83E74B52292E315D00FA1F46 /* Debug */ = {
			isa = XCBuildConfiguration;
			baseConfigurationReference = AF2259DC3A322691802325EF /* Pods-ios-archi-ios-archiUITests.debug.xcconfig */;
			buildSettings = {
				ALWAYS_EMBED_SWIFT_STANDARD_LIBRARIES = "$(inherited)";
				CODE_SIGN_STYLE = Manual;
				CURRENT_PROJECT_VERSION = 1;
				DEVELOPMENT_TEAM = "";
				GENERATE_INFOPLIST_FILE = YES;
				MARKETING_VERSION = 1.0;
				PRODUCT_BUNDLE_IDENTIFIER = "com.runpany.archi.ios-archiUITests";
				PRODUCT_NAME = "$(TARGET_NAME)";
				PROVISIONING_PROFILE_SPECIFIER = "";
				SWIFT_EMIT_LOC_STRINGS = NO;
				SWIFT_VERSION = 5.0;
				TARGETED_DEVICE_FAMILY = "1,2";
				TEST_TARGET_NAME = "ios-archi";
			};
			name = Debug;
		};
		83E74B53292E315D00FA1F46 /* Release */ = {
			isa = XCBuildConfiguration;
			baseConfigurationReference = 08E149C8145BD24E276272A1 /* Pods-ios-archi-ios-archiUITests.release.xcconfig */;
			buildSettings = {
				ALWAYS_EMBED_SWIFT_STANDARD_LIBRARIES = "$(inherited)";
				CODE_SIGN_STYLE = Manual;
				CURRENT_PROJECT_VERSION = 1;
				DEVELOPMENT_TEAM = "";
				GENERATE_INFOPLIST_FILE = YES;
				MARKETING_VERSION = 1.0;
				PRODUCT_BUNDLE_IDENTIFIER = "com.runpany.archi.ios-archiUITests";
				PRODUCT_NAME = "$(TARGET_NAME)";
				PROVISIONING_PROFILE_SPECIFIER = "";
				SWIFT_EMIT_LOC_STRINGS = NO;
				SWIFT_VERSION = 5.0;
				TARGETED_DEVICE_FAMILY = "1,2";
				TEST_TARGET_NAME = "ios-archi";
			};
			name = Release;
		};
/* End XCBuildConfiguration section */

/* Begin XCConfigurationList section */
		83E74B22292E315600FA1F46 /* Build configuration list for PBXProject "ios-archi" */ = {
			isa = XCConfigurationList;
			buildConfigurations = (
				83E74B49292E315D00FA1F46 /* Debug */,
				83E74B4A292E315D00FA1F46 /* Release */,
			);
			defaultConfigurationIsVisible = 0;
			defaultConfigurationName = Release;
		};
		83E74B4B292E315D00FA1F46 /* Build configuration list for PBXNativeTarget "ios-archi" */ = {
			isa = XCConfigurationList;
			buildConfigurations = (
				83E74B4C292E315D00FA1F46 /* Debug */,
				83E74B4D292E315D00FA1F46 /* Release */,
			);
			defaultConfigurationIsVisible = 0;
			defaultConfigurationName = Release;
		};
		83E74B4E292E315D00FA1F46 /* Build configuration list for PBXNativeTarget "ios-archiTests" */ = {
			isa = XCConfigurationList;
			buildConfigurations = (
				83E74B4F292E315D00FA1F46 /* Debug */,
				83E74B50292E315D00FA1F46 /* Release */,
			);
			defaultConfigurationIsVisible = 0;
			defaultConfigurationName = Release;
		};
		83E74B51292E315D00FA1F46 /* Build configuration list for PBXNativeTarget "ios-archiUITests" */ = {
			isa = XCConfigurationList;
			buildConfigurations = (
				83E74B52292E315D00FA1F46 /* Debug */,
				83E74B53292E315D00FA1F46 /* Release */,
			);
			defaultConfigurationIsVisible = 0;
			defaultConfigurationName = Release;
		};
/* End XCConfigurationList section */
	};
	rootObject = 83E74B1F292E315600FA1F46 /* Project object */;
}
